
Microsoft Visual Studio Solution File, Format Version 12.00
# Visual Studio 15
Project("{2150E333-8FDC-42A3-9474-1A3956D46DE8}") = "CMakePredefinedTargets", "CMakePredefinedTargets", "{EBB33820-5173-3C35-B1E1-6629E8A98A59}"
EndProject
Project("{2150E333-8FDC-42A3-9474-1A3956D46DE8}") = "External", "External", "{047FE0FD-2FDD-324C-A80C-83C794D59F63}"
EndProject
Project("{2150E333-8FDC-42A3-9474-1A3956D46DE8}") = "Internal", "Internal", "{266BCC58-49CD-3EAB-B13B-58824E582F99}"
EndProject
Project("{2150E333-8FDC-42A3-9474-1A3956D46DE8}") = "Utils", "Utils", "{7D08E7F0-03AB-3E5B-B1C6-C860E4F63903}"
EndProject
Project("{8BC9CEB8-8B4A-11D0-8D11-00A0C91BC942}") = "ALL_BUILD", "ALL_BUILD.vcxproj", "{C7621159-FFEA-3560-806B-2D3B6C462DBF}"
	ProjectSection(ProjectDependencies) = postProject
		{960696BA-EB81-3936-8B91-9715E0B5774C} = {960696BA-EB81-3936-8B91-9715E0B5774C}
		{EA36C32F-18D7-384D-8CAE-3DB96FFFEDCE} = {EA36C32F-18D7-384D-8CAE-3DB96FFFEDCE}
		{7042C890-3C3A-349B-A908-24DDFBA514E8} = {7042C890-3C3A-349B-A908-24DDFBA514E8}
		{E23E8536-C8F7-33CB-8714-55DA8E3221FA} = {E23E8536-C8F7-33CB-8714-55DA8E3221FA}
		{75B634D4-A177-3838-8DA7-FF34A50D42F6} = {75B634D4-A177-3838-8DA7-FF34A50D42F6}
		{967A784B-FD94-37A0-BB48-9F96F74B8098} = {967A784B-FD94-37A0-BB48-9F96F74B8098}
		{7408D841-0CE1-39A0-815A-F51FE47FD430} = {7408D841-0CE1-39A0-815A-F51FE47FD430}
		{B96EEBAA-8C04-35AB-93D8-45EE8A36B645} = {B96EEBAA-8C04-35AB-93D8-45EE8A36B645}
		{04CE4A4F-30DF-3212-96CF-AB9E47FAF63B} = {04CE4A4F-30DF-3212-96CF-AB9E47FAF63B}
		{A9E3CCC3-58A6-3C20-AEA4-6ACCE6386E03} = {A9E3CCC3-58A6-3C20-AEA4-6ACCE6386E03}
		{B004CA62-7202-3D21-8B3C-E248459A04BD} = {B004CA62-7202-3D21-8B3C-E248459A04BD}
		{6BD21292-C430-3DF6-9CE4-ADB42BCC86E8} = {6BD21292-C430-3DF6-9CE4-ADB42BCC86E8}
		{69F60726-C9DD-3E26-9927-A7665478BAB5} = {69F60726-C9DD-3E26-9927-A7665478BAB5}
		{6D231A5C-E894-35B6-A0C4-6BA380D9A574} = {6D231A5C-E894-35B6-A0C4-6BA380D9A574}
		{82F09096-F322-39E4-87B7-50622102EC3D} = {82F09096-F322-39E4-87B7-50622102EC3D}
	EndProjectSection
EndProject
Project("{8BC9CEB8-8B4A-11D0-8D11-00A0C91BC942}") = "SYNC_RESOURCE-Torchase", "SYNC_RESOURCE-Torchase.vcxproj", "{960696BA-EB81-3936-8B91-9715E0B5774C}"
	ProjectSection(ProjectDependencies) = postProject
		{7042C890-3C3A-349B-A908-24DDFBA514E8} = {7042C890-3C3A-349B-A908-24DDFBA514E8}
	EndProjectSection
EndProject
Project("{8BC9CEB8-8B4A-11D0-8D11-00A0C91BC942}") = "Torchase", "Torchase.vcxproj", "{EA36C32F-18D7-384D-8CAE-3DB96FFFEDCE}"
	ProjectSection(ProjectDependencies) = postProject
		{960696BA-EB81-3936-8B91-9715E0B5774C} = {960696BA-EB81-3936-8B91-9715E0B5774C}
		{7042C890-3C3A-349B-A908-24DDFBA514E8} = {7042C890-3C3A-349B-A908-24DDFBA514E8}
		{E23E8536-C8F7-33CB-8714-55DA8E3221FA} = {E23E8536-C8F7-33CB-8714-55DA8E3221FA}
		{75B634D4-A177-3838-8DA7-FF34A50D42F6} = {75B634D4-A177-3838-8DA7-FF34A50D42F6}
		{967A784B-FD94-37A0-BB48-9F96F74B8098} = {967A784B-FD94-37A0-BB48-9F96F74B8098}
		{7408D841-0CE1-39A0-815A-F51FE47FD430} = {7408D841-0CE1-39A0-815A-F51FE47FD430}
		{B96EEBAA-8C04-35AB-93D8-45EE8A36B645} = {B96EEBAA-8C04-35AB-93D8-45EE8A36B645}
		{04CE4A4F-30DF-3212-96CF-AB9E47FAF63B} = {04CE4A4F-30DF-3212-96CF-AB9E47FAF63B}
		{A9E3CCC3-58A6-3C20-AEA4-6ACCE6386E03} = {A9E3CCC3-58A6-3C20-AEA4-6ACCE6386E03}
		{B004CA62-7202-3D21-8B3C-E248459A04BD} = {B004CA62-7202-3D21-8B3C-E248459A04BD}
		{6BD21292-C430-3DF6-9CE4-ADB42BCC86E8} = {6BD21292-C430-3DF6-9CE4-ADB42BCC86E8}
		{69F60726-C9DD-3E26-9927-A7665478BAB5} = {69F60726-C9DD-3E26-9927-A7665478BAB5}
		{6D231A5C-E894-35B6-A0C4-6BA380D9A574} = {6D231A5C-E894-35B6-A0C4-6BA380D9A574}
		{82F09096-F322-39E4-87B7-50622102EC3D} = {82F09096-F322-39E4-87B7-50622102EC3D}
	EndProjectSection
EndProject
Project("{8BC9CEB8-8B4A-11D0-8D11-00A0C91BC942}") = "ZERO_CHECK", "ZERO_CHECK.vcxproj", "{7042C890-3C3A-349B-A908-24DDFBA514E8}"
	ProjectSection(ProjectDependencies) = postProject
	EndProjectSection
EndProject
Project("{8BC9CEB8-8B4A-11D0-8D11-00A0C91BC942}") = "cocos2d", "engine\cocos\core\cocos2d.vcxproj", "{E23E8536-C8F7-33CB-8714-55DA8E3221FA}"
	ProjectSection(ProjectDependencies) = postProject
		{7042C890-3C3A-349B-A908-24DDFBA514E8} = {7042C890-3C3A-349B-A908-24DDFBA514E8}
		{75B634D4-A177-3838-8DA7-FF34A50D42F6} = {75B634D4-A177-3838-8DA7-FF34A50D42F6}
		{967A784B-FD94-37A0-BB48-9F96F74B8098} = {967A784B-FD94-37A0-BB48-9F96F74B8098}
		{7408D841-0CE1-39A0-815A-F51FE47FD430} = {7408D841-0CE1-39A0-815A-F51FE47FD430}
		{B96EEBAA-8C04-35AB-93D8-45EE8A36B645} = {B96EEBAA-8C04-35AB-93D8-45EE8A36B645}
		{04CE4A4F-30DF-3212-96CF-AB9E47FAF63B} = {04CE4A4F-30DF-3212-96CF-AB9E47FAF63B}
		{A9E3CCC3-58A6-3C20-AEA4-6ACCE6386E03} = {A9E3CCC3-58A6-3C20-AEA4-6ACCE6386E03}
		{B004CA62-7202-3D21-8B3C-E248459A04BD} = {B004CA62-7202-3D21-8B3C-E248459A04BD}
		{6BD21292-C430-3DF6-9CE4-ADB42BCC86E8} = {6BD21292-C430-3DF6-9CE4-ADB42BCC86E8}
		{69F60726-C9DD-3E26-9927-A7665478BAB5} = {69F60726-C9DD-3E26-9927-A7665478BAB5}
		{6D231A5C-E894-35B6-A0C4-6BA380D9A574} = {6D231A5C-E894-35B6-A0C4-6BA380D9A574}
		{82F09096-F322-39E4-87B7-50622102EC3D} = {82F09096-F322-39E4-87B7-50622102EC3D}
	EndProjectSection
EndProject
Project("{8BC9CEB8-8B4A-11D0-8D11-00A0C91BC942}") = "ext_clipper", "engine\external\clipper\ext_clipper.vcxproj", "{75B634D4-A177-3838-8DA7-FF34A50D42F6}"
	ProjectSection(ProjectDependencies) = postProject
		{7042C890-3C3A-349B-A908-24DDFBA514E8} = {7042C890-3C3A-349B-A908-24DDFBA514E8}
	EndProjectSection
EndProject
Project("{8BC9CEB8-8B4A-11D0-8D11-00A0C91BC942}") = "ext_convertUTF", "engine\external\ConvertUTF\ext_convertUTF.vcxproj", "{967A784B-FD94-37A0-BB48-9F96F74B8098}"
	ProjectSection(ProjectDependencies) = postProject
		{7042C890-3C3A-349B-A908-24DDFBA514E8} = {7042C890-3C3A-349B-A908-24DDFBA514E8}
	EndProjectSection
EndProject
Project("{8BC9CEB8-8B4A-11D0-8D11-00A0C91BC942}") = "ext_edtaa3func", "engine\external\edtaa3func\ext_edtaa3func.vcxproj", "{7408D841-0CE1-39A0-815A-F51FE47FD430}"
	ProjectSection(ProjectDependencies) = postProject
		{7042C890-3C3A-349B-A908-24DDFBA514E8} = {7042C890-3C3A-349B-A908-24DDFBA514E8}
	EndProjectSection
EndProject
Project("{8BC9CEB8-8B4A-11D0-8D11-00A0C91BC942}") = "ext_md5", "engine\external\md5\ext_md5.vcxproj", "{B96EEBAA-8C04-35AB-93D8-45EE8A36B645}"
	ProjectSection(ProjectDependencies) = postProject
		{7042C890-3C3A-349B-A908-24DDFBA514E8} = {7042C890-3C3A-349B-A908-24DDFBA514E8}
	EndProjectSection
EndProject
Project("{8BC9CEB8-8B4A-11D0-8D11-00A0C91BC942}") = "ext_poly2tri", "engine\external\poly2tri\ext_poly2tri.vcxproj", "{04CE4A4F-30DF-3212-96CF-AB9E47FAF63B}"
	ProjectSection(ProjectDependencies) = postProject
		{7042C890-3C3A-349B-A908-24DDFBA514E8} = {7042C890-3C3A-349B-A908-24DDFBA514E8}
	EndProjectSection
EndProject
Project("{8BC9CEB8-8B4A-11D0-8D11-00A0C91BC942}") = "ext_recast", "engine\external\recast\ext_recast.vcxproj", "{A9E3CCC3-58A6-3C20-AEA4-6ACCE6386E03}"
	ProjectSection(ProjectDependencies) = postProject
		{7042C890-3C3A-349B-A908-24DDFBA514E8} = {7042C890-3C3A-349B-A908-24DDFBA514E8}
	EndProjectSection
EndProject
Project("{8BC9CEB8-8B4A-11D0-8D11-00A0C91BC942}") = "ext_tinyxml2", "engine\external\tinyxml2\ext_tinyxml2.vcxproj", "{B004CA62-7202-3D21-8B3C-E248459A04BD}"
	ProjectSection(ProjectDependencies) = postProject
		{7042C890-3C3A-349B-A908-24DDFBA514E8} = {7042C890-3C3A-349B-A908-24DDFBA514E8}
	EndProjectSection
EndProject
Project("{8BC9CEB8-8B4A-11D0-8D11-00A0C91BC942}") = "ext_unzip", "engine\external\unzip\ext_unzip.vcxproj", "{6BD21292-C430-3DF6-9CE4-ADB42BCC86E8}"
	ProjectSection(ProjectDependencies) = postProject
		{7042C890-3C3A-349B-A908-24DDFBA514E8} = {7042C890-3C3A-349B-A908-24DDFBA514E8}
	EndProjectSection
EndProject
Project("{8BC9CEB8-8B4A-11D0-8D11-00A0C91BC942}") = "ext_xxhash", "engine\external\xxhash\ext_xxhash.vcxproj", "{69F60726-C9DD-3E26-9927-A7665478BAB5}"
	ProjectSection(ProjectDependencies) = postProject
		{7042C890-3C3A-349B-A908-24DDFBA514E8} = {7042C890-3C3A-349B-A908-24DDFBA514E8}
	EndProjectSection
EndProject
Project("{8BC9CEB8-8B4A-11D0-8D11-00A0C91BC942}") = "ext_xxtea", "engine\external\xxtea\ext_xxtea.vcxproj", "{6D231A5C-E894-35B6-A0C4-6BA380D9A574}"
	ProjectSection(ProjectDependencies) = postProject
		{7042C890-3C3A-349B-A908-24DDFBA514E8} = {7042C890-3C3A-349B-A908-24DDFBA514E8}
	EndProjectSection
EndProject
Project("{8BC9CEB8-8B4A-11D0-8D11-00A0C91BC942}") = "external", "engine\external\external.vcxproj", "{82F09096-F322-39E4-87B7-50622102EC3D}"
	ProjectSection(ProjectDependencies) = postProject
		{7042C890-3C3A-349B-A908-24DDFBA514E8} = {7042C890-3C3A-349B-A908-24DDFBA514E8}
		{75B634D4-A177-3838-8DA7-FF34A50D42F6} = {75B634D4-A177-3838-8DA7-FF34A50D42F6}
		{967A784B-FD94-37A0-BB48-9F96F74B8098} = {967A784B-FD94-37A0-BB48-9F96F74B8098}
		{7408D841-0CE1-39A0-815A-F51FE47FD430} = {7408D841-0CE1-39A0-815A-F51FE47FD430}
		{B96EEBAA-8C04-35AB-93D8-45EE8A36B645} = {B96EEBAA-8C04-35AB-93D8-45EE8A36B645}
		{04CE4A4F-30DF-3212-96CF-AB9E47FAF63B} = {04CE4A4F-30DF-3212-96CF-AB9E47FAF63B}
		{A9E3CCC3-58A6-3C20-AEA4-6ACCE6386E03} = {A9E3CCC3-58A6-3C20-AEA4-6ACCE6386E03}
		{B004CA62-7202-3D21-8B3C-E248459A04BD} = {B004CA62-7202-3D21-8B3C-E248459A04BD}
		{6BD21292-C430-3DF6-9CE4-ADB42BCC86E8} = {6BD21292-C430-3DF6-9CE4-ADB42BCC86E8}
		{69F60726-C9DD-3E26-9927-A7665478BAB5} = {69F60726-C9DD-3E26-9927-A7665478BAB5}
		{6D231A5C-E894-35B6-A0C4-6BA380D9A574} = {6D231A5C-E894-35B6-A0C4-6BA380D9A574}
	EndProjectSection
EndProject
Global
	GlobalSection(SolutionConfigurationPlatforms) = preSolution
		Debug|Win32 = Debug|Win32
		Release|Win32 = Release|Win32
		MinSizeRel|Win32 = MinSizeRel|Win32
		RelWithDebInfo|Win32 = RelWithDebInfo|Win32
	EndGlobalSection
	GlobalSection(ProjectConfigurationPlatforms) = postSolution
		{C7621159-FFEA-3560-806B-2D3B6C462DBF}.Debug|Win32.ActiveCfg = Debug|Win32
		{C7621159-FFEA-3560-806B-2D3B6C462DBF}.Release|Win32.ActiveCfg = Release|Win32
		{C7621159-FFEA-3560-806B-2D3B6C462DBF}.MinSizeRel|Win32.ActiveCfg = MinSizeRel|Win32
		{C7621159-FFEA-3560-806B-2D3B6C462DBF}.RelWithDebInfo|Win32.ActiveCfg = RelWithDebInfo|Win32
		{960696BA-EB81-3936-8B91-9715E0B5774C}.Debug|Win32.ActiveCfg = Debug|Win32
		{960696BA-EB81-3936-8B91-9715E0B5774C}.Debug|Win32.Build.0 = Debug|Win32
		{960696BA-EB81-3936-8B91-9715E0B5774C}.Release|Win32.ActiveCfg = Release|Win32
		{960696BA-EB81-3936-8B91-9715E0B5774C}.Release|Win32.Build.0 = Release|Win32
		{960696BA-EB81-3936-8B91-9715E0B5774C}.MinSizeRel|Win32.ActiveCfg = MinSizeRel|Win32
		{960696BA-EB81-3936-8B91-9715E0B5774C}.MinSizeRel|Win32.Build.0 = MinSizeRel|Win32
		{960696BA-EB81-3936-8B91-9715E0B5774C}.RelWithDebInfo|Win32.ActiveCfg = RelWithDebInfo|Win32
		{960696BA-EB81-3936-8B91-9715E0B5774C}.RelWithDebInfo|Win32.Build.0 = RelWithDebInfo|Win32
		{EA36C32F-18D7-384D-8CAE-3DB96FFFEDCE}.Debug|Win32.ActiveCfg = Debug|Win32
		{EA36C32F-18D7-384D-8CAE-3DB96FFFEDCE}.Debug|Win32.Build.0 = Debug|Win32
		{EA36C32F-18D7-384D-8CAE-3DB96FFFEDCE}.Release|Win32.ActiveCfg = Release|Win32
		{EA36C32F-18D7-384D-8CAE-3DB96FFFEDCE}.Release|Win32.Build.0 = Release|Win32
		{EA36C32F-18D7-384D-8CAE-3DB96FFFEDCE}.MinSizeRel|Win32.ActiveCfg = MinSizeRel|Win32
		{EA36C32F-18D7-384D-8CAE-3DB96FFFEDCE}.MinSizeRel|Win32.Build.0 = MinSizeRel|Win32
		{EA36C32F-18D7-384D-8CAE-3DB96FFFEDCE}.RelWithDebInfo|Win32.ActiveCfg = RelWithDebInfo|Win32
		{EA36C32F-18D7-384D-8CAE-3DB96FFFEDCE}.RelWithDebInfo|Win32.Build.0 = RelWithDebInfo|Win32
		{7042C890-3C3A-349B-A908-24DDFBA514E8}.Debug|Win32.ActiveCfg = Debug|Win32
		{7042C890-3C3A-349B-A908-24DDFBA514E8}.Debug|Win32.Build.0 = Debug|Win32
		{7042C890-3C3A-349B-A908-24DDFBA514E8}.Release|Win32.ActiveCfg = Release|Win32
		{7042C890-3C3A-349B-A908-24DDFBA514E8}.Release|Win32.Build.0 = Release|Win32
		{7042C890-3C3A-349B-A908-24DDFBA514E8}.MinSizeRel|Win32.ActiveCfg = MinSizeRel|Win32
		{7042C890-3C3A-349B-A908-24DDFBA514E8}.MinSizeRel|Win32.Build.0 = MinSizeRel|Win32
		{7042C890-3C3A-349B-A908-24DDFBA514E8}.RelWithDebInfo|Win32.ActiveCfg = RelWithDebInfo|Win32
		{7042C890-3C3A-349B-A908-24DDFBA514E8}.RelWithDebInfo|Win32.Build.0 = RelWithDebInfo|Win32
		{E23E8536-C8F7-33CB-8714-55DA8E3221FA}.Debug|Win32.ActiveCfg = Debug|Win32
		{E23E8536-C8F7-33CB-8714-55DA8E3221FA}.Debug|Win32.Build.0 = Debug|Win32
		{E23E8536-C8F7-33CB-8714-55DA8E3221FA}.Release|Win32.ActiveCfg = Release|Win32
		{E23E8536-C8F7-33CB-8714-55DA8E3221FA}.Release|Win32.Build.0 = Release|Win32
		{E23E8536-C8F7-33CB-8714-55DA8E3221FA}.MinSizeRel|Win32.ActiveCfg = MinSizeRel|Win32
		{E23E8536-C8F7-33CB-8714-55DA8E3221FA}.MinSizeRel|Win32.Build.0 = MinSizeRel|Win32
		{E23E8536-C8F7-33CB-8714-55DA8E3221FA}.RelWithDebInfo|Win32.ActiveCfg = RelWithDebInfo|Win32
		{E23E8536-C8F7-33CB-8714-55DA8E3221FA}.RelWithDebInfo|Win32.Build.0 = RelWithDebInfo|Win32
		{75B634D4-A177-3838-8DA7-FF34A50D42F6}.Debug|Win32.ActiveCfg = Debug|Win32
		{75B634D4-A177-3838-8DA7-FF34A50D42F6}.Debug|Win32.Build.0 = Debug|Win32
		{75B634D4-A177-3838-8DA7-FF34A50D42F6}.Release|Win32.ActiveCfg = Release|Win32
		{75B634D4-A177-3838-8DA7-FF34A50D42F6}.Release|Win32.Build.0 = Release|Win32
		{75B634D4-A177-3838-8DA7-FF34A50D42F6}.MinSizeRel|Win32.ActiveCfg = MinSizeRel|Win32
		{75B634D4-A177-3838-8DA7-FF34A50D42F6}.MinSizeRel|Win32.Build.0 = MinSizeRel|Win32
		{75B634D4-A177-3838-8DA7-FF34A50D42F6}.RelWithDebInfo|Win32.ActiveCfg = RelWithDebInfo|Win32
		{75B634D4-A177-3838-8DA7-FF34A50D42F6}.RelWithDebInfo|Win32.Build.0 = RelWithDebInfo|Win32
		{967A784B-FD94-37A0-BB48-9F96F74B8098}.Debug|Win32.ActiveCfg = Debug|Win32
		{967A784B-FD94-37A0-BB48-9F96F74B8098}.Debug|Win32.Build.0 = Debug|Win32
		{967A784B-FD94-37A0-BB48-9F96F74B8098}.Release|Win32.ActiveCfg = Release|Win32
		{967A784B-FD94-37A0-BB48-9F96F74B8098}.Release|Win32.Build.0 = Release|Win32
		{967A784B-FD94-37A0-BB48-9F96F74B8098}.MinSizeRel|Win32.ActiveCfg = MinSizeRel|Win32
		{967A784B-FD94-37A0-BB48-9F96F74B8098}.MinSizeRel|Win32.Build.0 = MinSizeRel|Win32
		{967A784B-FD94-37A0-BB48-9F96F74B8098}.RelWithDebInfo|Win32.ActiveCfg = RelWithDebInfo|Win32
		{967A784B-FD94-37A0-BB48-9F96F74B8098}.RelWithDebInfo|Win32.Build.0 = RelWithDebInfo|Win32
		{7408D841-0CE1-39A0-815A-F51FE47FD430}.Debug|Win32.ActiveCfg = Debug|Win32
		{7408D841-0CE1-39A0-815A-F51FE47FD430}.Debug|Win32.Build.0 = Debug|Win32
		{7408D841-0CE1-39A0-815A-F51FE47FD430}.Release|Win32.ActiveCfg = Release|Win32
		{7408D841-0CE1-39A0-815A-F51FE47FD430}.Release|Win32.Build.0 = Release|Win32
		{7408D841-0CE1-39A0-815A-F51FE47FD430}.MinSizeRel|Win32.ActiveCfg = MinSizeRel|Win32
		{7408D841-0CE1-39A0-815A-F51FE47FD430}.MinSizeRel|Win32.Build.0 = MinSizeRel|Win32
		{7408D841-0CE1-39A0-815A-F51FE47FD430}.RelWithDebInfo|Win32.ActiveCfg = RelWithDebInfo|Win32
		{7408D841-0CE1-39A0-815A-F51FE47FD430}.RelWithDebInfo|Win32.Build.0 = RelWithDebInfo|Win32
		{B96EEBAA-8C04-35AB-93D8-45EE8A36B645}.Debug|Win32.ActiveCfg = Debug|Win32
		{B96EEBAA-8C04-35AB-93D8-45EE8A36B645}.Debug|Win32.Build.0 = Debug|Win32
		{B96EEBAA-8C04-35AB-93D8-45EE8A36B645}.Release|Win32.ActiveCfg = Release|Win32
		{B96EEBAA-8C04-35AB-93D8-45EE8A36B645}.Release|Win32.Build.0 = Release|Win32
		{B96EEBAA-8C04-35AB-93D8-45EE8A36B645}.MinSizeRel|Win32.ActiveCfg = MinSizeRel|Win32
		{B96EEBAA-8C04-35AB-93D8-45EE8A36B645}.MinSizeRel|Win32.Build.0 = MinSizeRel|Win32
		{B96EEBAA-8C04-35AB-93D8-45EE8A36B645}.RelWithDebInfo|Win32.ActiveCfg = RelWithDebInfo|Win32
		{B96EEBAA-8C04-35AB-93D8-45EE8A36B645}.RelWithDebInfo|Win32.Build.0 = RelWithDebInfo|Win32
		{04CE4A4F-30DF-3212-96CF-AB9E47FAF63B}.Debug|Win32.ActiveCfg = Debug|Win32
		{04CE4A4F-30DF-3212-96CF-AB9E47FAF63B}.Debug|Win32.Build.0 = Debug|Win32
		{04CE4A4F-30DF-3212-96CF-AB9E47FAF63B}.Release|Win32.ActiveCfg = Release|Win32
		{04CE4A4F-30DF-3212-96CF-AB9E47FAF63B}.Release|Win32.Build.0 = Release|Win32
		{04CE4A4F-30DF-3212-96CF-AB9E47FAF63B}.MinSizeRel|Win32.ActiveCfg = MinSizeRel|Win32
		{04CE4A4F-30DF-3212-96CF-AB9E47FAF63B}.MinSizeRel|Win32.Build.0 = MinSizeRel|Win32
		{04CE4A4F-30DF-3212-96CF-AB9E47FAF63B}.RelWithDebInfo|Win32.ActiveCfg = RelWithDebInfo|Win32
		{04CE4A4F-30DF-3212-96CF-AB9E47FAF63B}.RelWithDebInfo|Win32.Build.0 = RelWithDebInfo|Win32
		{A9E3CCC3-58A6-3C20-AEA4-6ACCE6386E03}.Debug|Win32.ActiveCfg = Debug|Win32
		{A9E3CCC3-58A6-3C20-AEA4-6ACCE6386E03}.Debug|Win32.Build.0 = Debug|Win32
		{A9E3CCC3-58A6-3C20-AEA4-6ACCE6386E03}.Release|Win32.ActiveCfg = Release|Win32
		{A9E3CCC3-58A6-3C20-AEA4-6ACCE6386E03}.Release|Win32.Build.0 = Release|Win32
		{A9E3CCC3-58A6-3C20-AEA4-6ACCE6386E03}.MinSizeRel|Win32.ActiveCfg = MinSizeRel|Win32
		{A9E3CCC3-58A6-3C20-AEA4-6ACCE6386E03}.MinSizeRel|Win32.Build.0 = MinSizeRel|Win32
		{A9E3CCC3-58A6-3C20-AEA4-6ACCE6386E03}.RelWithDebInfo|Win32.ActiveCfg = RelWithDebInfo|Win32
		{A9E3CCC3-58A6-3C20-AEA4-6ACCE6386E03}.RelWithDebInfo|Win32.Build.0 = RelWithDebInfo|Win32
		{B004CA62-7202-3D21-8B3C-E248459A04BD}.Debug|Win32.ActiveCfg = Debug|Win32
		{B004CA62-7202-3D21-8B3C-E248459A04BD}.Debug|Win32.Build.0 = Debug|Win32
		{B004CA62-7202-3D21-8B3C-E248459A04BD}.Release|Win32.ActiveCfg = Release|Win32
		{B004CA62-7202-3D21-8B3C-E248459A04BD}.Release|Win32.Build.0 = Release|Win32
		{B004CA62-7202-3D21-8B3C-E248459A04BD}.MinSizeRel|Win32.ActiveCfg = MinSizeRel|Win32
		{B004CA62-7202-3D21-8B3C-E248459A04BD}.MinSizeRel|Win32.Build.0 = MinSizeRel|Win32
		{B004CA62-7202-3D21-8B3C-E248459A04BD}.RelWithDebInfo|Win32.ActiveCfg = RelWithDebInfo|Win32
		{B004CA62-7202-3D21-8B3C-E248459A04BD}.RelWithDebInfo|Win32.Build.0 = RelWithDebInfo|Win32
		{6BD21292-C430-3DF6-9CE4-ADB42BCC86E8}.Debug|Win32.ActiveCfg = Debug|Win32
		{6BD21292-C430-3DF6-9CE4-ADB42BCC86E8}.Debug|Win32.Build.0 = Debug|Win32
		{6BD21292-C430-3DF6-9CE4-ADB42BCC86E8}.Release|Win32.ActiveCfg = Release|Win32
		{6BD21292-C430-3DF6-9CE4-ADB42BCC86E8}.Release|Win32.Build.0 = Release|Win32
		{6BD21292-C430-3DF6-9CE4-ADB42BCC86E8}.MinSizeRel|Win32.ActiveCfg = MinSizeRel|Win32
		{6BD21292-C430-3DF6-9CE4-ADB42BCC86E8}.MinSizeRel|Win32.Build.0 = MinSizeRel|Win32
		{6BD21292-C430-3DF6-9CE4-ADB42BCC86E8}.RelWithDebInfo|Win32.ActiveCfg = RelWithDebInfo|Win32
		{6BD21292-C430-3DF6-9CE4-ADB42BCC86E8}.RelWithDebInfo|Win32.Build.0 = RelWithDebInfo|Win32
		{69F60726-C9DD-3E26-9927-A7665478BAB5}.Debug|Win32.ActiveCfg = Debug|Win32
		{69F60726-C9DD-3E26-9927-A7665478BAB5}.Debug|Win32.Build.0 = Debug|Win32
		{69F60726-C9DD-3E26-9927-A7665478BAB5}.Release|Win32.ActiveCfg = Release|Win32
		{69F60726-C9DD-3E26-9927-A7665478BAB5}.Release|Win32.Build.0 = Release|Win32
		{69F60726-C9DD-3E26-9927-A7665478BAB5}.MinSizeRel|Win32.ActiveCfg = MinSizeRel|Win32
		{69F60726-C9DD-3E26-9927-A7665478BAB5}.MinSizeRel|Win32.Build.0 = MinSizeRel|Win32
		{69F60726-C9DD-3E26-9927-A7665478BAB5}.RelWithDebInfo|Win32.ActiveCfg = RelWithDebInfo|Win32
		{69F60726-C9DD-3E26-9927-A7665478BAB5}.RelWithDebInfo|Win32.Build.0 = RelWithDebInfo|Win32
		{6D231A5C-E894-35B6-A0C4-6BA380D9A574}.Debug|Win32.ActiveCfg = Debug|Win32
		{6D231A5C-E894-35B6-A0C4-6BA380D9A574}.Debug|Win32.Build.0 = Debug|Win32
		{6D231A5C-E894-35B6-A0C4-6BA380D9A574}.Release|Win32.ActiveCfg = Release|Win32
		{6D231A5C-E894-35B6-A0C4-6BA380D9A574}.Release|Win32.Build.0 = Release|Win32
		{6D231A5C-E894-35B6-A0C4-6BA380D9A574}.MinSizeRel|Win32.ActiveCfg = MinSizeRel|Win32
		{6D231A5C-E894-35B6-A0C4-6BA380D9A574}.MinSizeRel|Win32.Build.0 = MinSizeRel|Win32
		{6D231A5C-E894-35B6-A0C4-6BA380D9A574}.RelWithDebInfo|Win32.ActiveCfg = RelWithDebInfo|Win32
		{6D231A5C-E894-35B6-A0C4-6BA380D9A574}.RelWithDebInfo|Win32.Build.0 = RelWithDebInfo|Win32
		{82F09096-F322-39E4-87B7-50622102EC3D}.Debug|Win32.ActiveCfg = Debug|Win32
		{82F09096-F322-39E4-87B7-50622102EC3D}.Debug|Win32.Build.0 = Debug|Win32
		{82F09096-F322-39E4-87B7-50622102EC3D}.Release|Win32.ActiveCfg = Release|Win32
		{82F09096-F322-39E4-87B7-50622102EC3D}.Release|Win32.Build.0 = Release|Win32
		{82F09096-F322-39E4-87B7-50622102EC3D}.MinSizeRel|Win32.ActiveCfg = MinSizeRel|Win32
		{82F09096-F322-39E4-87B7-50622102EC3D}.MinSizeRel|Win32.Build.0 = MinSizeRel|Win32
		{82F09096-F322-39E4-87B7-50622102EC3D}.RelWithDebInfo|Win32.ActiveCfg = RelWithDebInfo|Win32
		{82F09096-F322-39E4-87B7-50622102EC3D}.RelWithDebInfo|Win32.Build.0 = RelWithDebInfo|Win32
	EndGlobalSection
	GlobalSection(NestedProjects) = preSolution
		{C7621159-FFEA-3560-806B-2D3B6C462DBF} = {EBB33820-5173-3C35-B1E1-6629E8A98A59}
		{7042C890-3C3A-349B-A908-24DDFBA514E8} = {EBB33820-5173-3C35-B1E1-6629E8A98A59}
		{75B634D4-A177-3838-8DA7-FF34A50D42F6} = {047FE0FD-2FDD-324C-A80C-83C794D59F63}
		{967A784B-FD94-37A0-BB48-9F96F74B8098} = {047FE0FD-2FDD-324C-A80C-83C794D59F63}
		{7408D841-0CE1-39A0-815A-F51FE47FD430} = {047FE0FD-2FDD-324C-A80C-83C794D59F63}
		{B96EEBAA-8C04-35AB-93D8-45EE8A36B645} = {047FE0FD-2FDD-324C-A80C-83C794D59F63}
		{04CE4A4F-30DF-3212-96CF-AB9E47FAF63B} = {047FE0FD-2FDD-324C-A80C-83C794D59F63}
		{A9E3CCC3-58A6-3C20-AEA4-6ACCE6386E03} = {047FE0FD-2FDD-324C-A80C-83C794D59F63}
		{B004CA62-7202-3D21-8B3C-E248459A04BD} = {047FE0FD-2FDD-324C-A80C-83C794D59F63}
		{6BD21292-C430-3DF6-9CE4-ADB42BCC86E8} = {047FE0FD-2FDD-324C-A80C-83C794D59F63}
		{69F60726-C9DD-3E26-9927-A7665478BAB5} = {047FE0FD-2FDD-324C-A80C-83C794D59F63}
		{6D231A5C-E894-35B6-A0C4-6BA380D9A574} = {047FE0FD-2FDD-324C-A80C-83C794D59F63}
		{82F09096-F322-39E4-87B7-50622102EC3D} = {047FE0FD-2FDD-324C-A80C-83C794D59F63}
		{E23E8536-C8F7-33CB-8714-55DA8E3221FA} = {266BCC58-49CD-3EAB-B13B-58824E582F99}
		{960696BA-EB81-3936-8B91-9715E0B5774C} = {7D08E7F0-03AB-3E5B-B1C6-C860E4F63903}
	EndGlobalSection
	GlobalSection(ExtensibilityGlobals) = postSolution
		SolutionGuid = {E5FC697F-D682-3C48-8A27-DA6979AC7396}
	EndGlobalSection
	GlobalSection(ExtensibilityAddIns) = postSolution
	EndGlobalSection
EndGlobal
