
Microsoft Visual Studio Solution File, Format Version 12.00
# Visual Studio 15
Project("{2150E333-8FDC-42A3-9474-1A3956D46DE8}") = "CMakePredefinedTargets", "CMakePredefinedTargets", "{BD208E9A-6B1B-364C-B997-ED94C3201F58}"
EndProject
Project("{2150E333-8FDC-42A3-9474-1A3956D46DE8}") = "External", "External", "{D3C9A11F-DD6C-30AC-8E35-0A5836343337}"
EndProject
Project("{2150E333-8FDC-42A3-9474-1A3956D46DE8}") = "Internal", "Internal", "{A01ECC86-0EE6-30F3-90E0-C6F20B885DD1}"
EndProject
Project("{2150E333-8FDC-42A3-9474-1A3956D46DE8}") = "Utils", "Utils", "{910404B1-DC41-3A50-BB6C-14DD3550FA5E}"
EndProject
Project("{8BC9CEB8-8B4A-11D0-8D11-00A0C91BC942}") = "ALL_BUILD", "ALL_BUILD.vcxproj", "{12E170D8-3673-32ED-95F5-F4A4A1C212B4}"
	ProjectSection(ProjectDependencies) = postProject
		{73F06A36-82D9-328A-94E4-5CF4ABAFE5B2} = {73F06A36-82D9-328A-94E4-5CF4ABAFE5B2}
		{483C9D6D-D264-3D9C-B3EF-292AA0168316} = {483C9D6D-D264-3D9C-B3EF-292AA0168316}
		{6A2DD814-BF2F-3185-B381-446C730DC5F9} = {6A2DD814-BF2F-3185-B381-446C730DC5F9}
		{E849C369-A95F-3AAB-B13B-4520060A0C8F} = {E849C369-A95F-3AAB-B13B-4520060A0C8F}
		{7FEA2E79-D9C0-35DC-AD16-BF99D0D5C298} = {7FEA2E79-D9C0-35DC-AD16-BF99D0D5C298}
		{A320B730-2B16-3E81-95C4-370E9D8A4F96} = {A320B730-2B16-3E81-95C4-370E9D8A4F96}
		{D3C72369-0674-396D-B325-E25AB6BBA4F9} = {D3C72369-0674-396D-B325-E25AB6BBA4F9}
		{F083432F-89E3-34AE-9444-F10DE873AF67} = {F083432F-89E3-34AE-9444-F10DE873AF67}
		{BE833533-787C-3B1C-9FD1-5D7C09F9C40A} = {BE833533-787C-3B1C-9FD1-5D7C09F9C40A}
		{D703CBB6-03F9-3190-99C5-005D0E30FE99} = {D703CBB6-03F9-3190-99C5-005D0E30FE99}
		{B4332536-BAC2-32AE-BCA8-5FE4567A6575} = {B4332536-BAC2-32AE-BCA8-5FE4567A6575}
		{71746DC9-2311-32A9-81CF-95C7BAE9F68B} = {71746DC9-2311-32A9-81CF-95C7BAE9F68B}
		{5E21D103-5006-39C9-BA6C-D93EABF73DE0} = {5E21D103-5006-39C9-BA6C-D93EABF73DE0}
		{0BC8DE00-1E0B-3A54-B6A7-C32473FDE5C6} = {0BC8DE00-1E0B-3A54-B6A7-C32473FDE5C6}
		{2B8C6E71-BB71-35D2-A948-C98B5A26ADCE} = {2B8C6E71-BB71-35D2-A948-C98B5A26ADCE}
	EndProjectSection
EndProject
Project("{8BC9CEB8-8B4A-11D0-8D11-00A0C91BC942}") = "SYNC_RESOURCE-Torchase", "SYNC_RESOURCE-Torchase.vcxproj", "{73F06A36-82D9-328A-94E4-5CF4ABAFE5B2}"
	ProjectSection(ProjectDependencies) = postProject
		{6A2DD814-BF2F-3185-B381-446C730DC5F9} = {6A2DD814-BF2F-3185-B381-446C730DC5F9}
	EndProjectSection
EndProject
Project("{8BC9CEB8-8B4A-11D0-8D11-00A0C91BC942}") = "Torchase", "Torchase.vcxproj", "{483C9D6D-D264-3D9C-B3EF-292AA0168316}"
	ProjectSection(ProjectDependencies) = postProject
		{73F06A36-82D9-328A-94E4-5CF4ABAFE5B2} = {73F06A36-82D9-328A-94E4-5CF4ABAFE5B2}
		{6A2DD814-BF2F-3185-B381-446C730DC5F9} = {6A2DD814-BF2F-3185-B381-446C730DC5F9}
		{E849C369-A95F-3AAB-B13B-4520060A0C8F} = {E849C369-A95F-3AAB-B13B-4520060A0C8F}
		{7FEA2E79-D9C0-35DC-AD16-BF99D0D5C298} = {7FEA2E79-D9C0-35DC-AD16-BF99D0D5C298}
		{A320B730-2B16-3E81-95C4-370E9D8A4F96} = {A320B730-2B16-3E81-95C4-370E9D8A4F96}
		{D3C72369-0674-396D-B325-E25AB6BBA4F9} = {D3C72369-0674-396D-B325-E25AB6BBA4F9}
		{F083432F-89E3-34AE-9444-F10DE873AF67} = {F083432F-89E3-34AE-9444-F10DE873AF67}
		{BE833533-787C-3B1C-9FD1-5D7C09F9C40A} = {BE833533-787C-3B1C-9FD1-5D7C09F9C40A}
		{D703CBB6-03F9-3190-99C5-005D0E30FE99} = {D703CBB6-03F9-3190-99C5-005D0E30FE99}
		{B4332536-BAC2-32AE-BCA8-5FE4567A6575} = {B4332536-BAC2-32AE-BCA8-5FE4567A6575}
		{71746DC9-2311-32A9-81CF-95C7BAE9F68B} = {71746DC9-2311-32A9-81CF-95C7BAE9F68B}
		{5E21D103-5006-39C9-BA6C-D93EABF73DE0} = {5E21D103-5006-39C9-BA6C-D93EABF73DE0}
		{0BC8DE00-1E0B-3A54-B6A7-C32473FDE5C6} = {0BC8DE00-1E0B-3A54-B6A7-C32473FDE5C6}
		{2B8C6E71-BB71-35D2-A948-C98B5A26ADCE} = {2B8C6E71-BB71-35D2-A948-C98B5A26ADCE}
	EndProjectSection
EndProject
Project("{8BC9CEB8-8B4A-11D0-8D11-00A0C91BC942}") = "ZERO_CHECK", "ZERO_CHECK.vcxproj", "{6A2DD814-BF2F-3185-B381-446C730DC5F9}"
	ProjectSection(ProjectDependencies) = postProject
	EndProjectSection
EndProject
Project("{8BC9CEB8-8B4A-11D0-8D11-00A0C91BC942}") = "cocos2d", "engine\cocos\core\cocos2d.vcxproj", "{E849C369-A95F-3AAB-B13B-4520060A0C8F}"
	ProjectSection(ProjectDependencies) = postProject
		{6A2DD814-BF2F-3185-B381-446C730DC5F9} = {6A2DD814-BF2F-3185-B381-446C730DC5F9}
		{7FEA2E79-D9C0-35DC-AD16-BF99D0D5C298} = {7FEA2E79-D9C0-35DC-AD16-BF99D0D5C298}
		{A320B730-2B16-3E81-95C4-370E9D8A4F96} = {A320B730-2B16-3E81-95C4-370E9D8A4F96}
		{D3C72369-0674-396D-B325-E25AB6BBA4F9} = {D3C72369-0674-396D-B325-E25AB6BBA4F9}
		{F083432F-89E3-34AE-9444-F10DE873AF67} = {F083432F-89E3-34AE-9444-F10DE873AF67}
		{BE833533-787C-3B1C-9FD1-5D7C09F9C40A} = {BE833533-787C-3B1C-9FD1-5D7C09F9C40A}
		{D703CBB6-03F9-3190-99C5-005D0E30FE99} = {D703CBB6-03F9-3190-99C5-005D0E30FE99}
		{B4332536-BAC2-32AE-BCA8-5FE4567A6575} = {B4332536-BAC2-32AE-BCA8-5FE4567A6575}
		{71746DC9-2311-32A9-81CF-95C7BAE9F68B} = {71746DC9-2311-32A9-81CF-95C7BAE9F68B}
		{5E21D103-5006-39C9-BA6C-D93EABF73DE0} = {5E21D103-5006-39C9-BA6C-D93EABF73DE0}
		{0BC8DE00-1E0B-3A54-B6A7-C32473FDE5C6} = {0BC8DE00-1E0B-3A54-B6A7-C32473FDE5C6}
		{2B8C6E71-BB71-35D2-A948-C98B5A26ADCE} = {2B8C6E71-BB71-35D2-A948-C98B5A26ADCE}
	EndProjectSection
EndProject
Project("{8BC9CEB8-8B4A-11D0-8D11-00A0C91BC942}") = "ext_clipper", "engine\external\clipper\ext_clipper.vcxproj", "{7FEA2E79-D9C0-35DC-AD16-BF99D0D5C298}"
	ProjectSection(ProjectDependencies) = postProject
		{6A2DD814-BF2F-3185-B381-446C730DC5F9} = {6A2DD814-BF2F-3185-B381-446C730DC5F9}
	EndProjectSection
EndProject
Project("{8BC9CEB8-8B4A-11D0-8D11-00A0C91BC942}") = "ext_convertUTF", "engine\external\ConvertUTF\ext_convertUTF.vcxproj", "{A320B730-2B16-3E81-95C4-370E9D8A4F96}"
	ProjectSection(ProjectDependencies) = postProject
		{6A2DD814-BF2F-3185-B381-446C730DC5F9} = {6A2DD814-BF2F-3185-B381-446C730DC5F9}
	EndProjectSection
EndProject
Project("{8BC9CEB8-8B4A-11D0-8D11-00A0C91BC942}") = "ext_edtaa3func", "engine\external\edtaa3func\ext_edtaa3func.vcxproj", "{D3C72369-0674-396D-B325-E25AB6BBA4F9}"
	ProjectSection(ProjectDependencies) = postProject
		{6A2DD814-BF2F-3185-B381-446C730DC5F9} = {6A2DD814-BF2F-3185-B381-446C730DC5F9}
	EndProjectSection
EndProject
Project("{8BC9CEB8-8B4A-11D0-8D11-00A0C91BC942}") = "ext_md5", "engine\external\md5\ext_md5.vcxproj", "{F083432F-89E3-34AE-9444-F10DE873AF67}"
	ProjectSection(ProjectDependencies) = postProject
		{6A2DD814-BF2F-3185-B381-446C730DC5F9} = {6A2DD814-BF2F-3185-B381-446C730DC5F9}
	EndProjectSection
EndProject
Project("{8BC9CEB8-8B4A-11D0-8D11-00A0C91BC942}") = "ext_poly2tri", "engine\external\poly2tri\ext_poly2tri.vcxproj", "{BE833533-787C-3B1C-9FD1-5D7C09F9C40A}"
	ProjectSection(ProjectDependencies) = postProject
		{6A2DD814-BF2F-3185-B381-446C730DC5F9} = {6A2DD814-BF2F-3185-B381-446C730DC5F9}
	EndProjectSection
EndProject
Project("{8BC9CEB8-8B4A-11D0-8D11-00A0C91BC942}") = "ext_recast", "engine\external\recast\ext_recast.vcxproj", "{D703CBB6-03F9-3190-99C5-005D0E30FE99}"
	ProjectSection(ProjectDependencies) = postProject
		{6A2DD814-BF2F-3185-B381-446C730DC5F9} = {6A2DD814-BF2F-3185-B381-446C730DC5F9}
	EndProjectSection
EndProject
Project("{8BC9CEB8-8B4A-11D0-8D11-00A0C91BC942}") = "ext_tinyxml2", "engine\external\tinyxml2\ext_tinyxml2.vcxproj", "{B4332536-BAC2-32AE-BCA8-5FE4567A6575}"
	ProjectSection(ProjectDependencies) = postProject
		{6A2DD814-BF2F-3185-B381-446C730DC5F9} = {6A2DD814-BF2F-3185-B381-446C730DC5F9}
	EndProjectSection
EndProject
Project("{8BC9CEB8-8B4A-11D0-8D11-00A0C91BC942}") = "ext_unzip", "engine\external\unzip\ext_unzip.vcxproj", "{71746DC9-2311-32A9-81CF-95C7BAE9F68B}"
	ProjectSection(ProjectDependencies) = postProject
		{6A2DD814-BF2F-3185-B381-446C730DC5F9} = {6A2DD814-BF2F-3185-B381-446C730DC5F9}
	EndProjectSection
EndProject
Project("{8BC9CEB8-8B4A-11D0-8D11-00A0C91BC942}") = "ext_xxhash", "engine\external\xxhash\ext_xxhash.vcxproj", "{5E21D103-5006-39C9-BA6C-D93EABF73DE0}"
	ProjectSection(ProjectDependencies) = postProject
		{6A2DD814-BF2F-3185-B381-446C730DC5F9} = {6A2DD814-BF2F-3185-B381-446C730DC5F9}
	EndProjectSection
EndProject
Project("{8BC9CEB8-8B4A-11D0-8D11-00A0C91BC942}") = "ext_xxtea", "engine\external\xxtea\ext_xxtea.vcxproj", "{0BC8DE00-1E0B-3A54-B6A7-C32473FDE5C6}"
	ProjectSection(ProjectDependencies) = postProject
		{6A2DD814-BF2F-3185-B381-446C730DC5F9} = {6A2DD814-BF2F-3185-B381-446C730DC5F9}
	EndProjectSection
EndProject
Project("{8BC9CEB8-8B4A-11D0-8D11-00A0C91BC942}") = "external", "engine\external\external.vcxproj", "{2B8C6E71-BB71-35D2-A948-C98B5A26ADCE}"
	ProjectSection(ProjectDependencies) = postProject
		{6A2DD814-BF2F-3185-B381-446C730DC5F9} = {6A2DD814-BF2F-3185-B381-446C730DC5F9}
		{7FEA2E79-D9C0-35DC-AD16-BF99D0D5C298} = {7FEA2E79-D9C0-35DC-AD16-BF99D0D5C298}
		{A320B730-2B16-3E81-95C4-370E9D8A4F96} = {A320B730-2B16-3E81-95C4-370E9D8A4F96}
		{D3C72369-0674-396D-B325-E25AB6BBA4F9} = {D3C72369-0674-396D-B325-E25AB6BBA4F9}
		{F083432F-89E3-34AE-9444-F10DE873AF67} = {F083432F-89E3-34AE-9444-F10DE873AF67}
		{BE833533-787C-3B1C-9FD1-5D7C09F9C40A} = {BE833533-787C-3B1C-9FD1-5D7C09F9C40A}
		{D703CBB6-03F9-3190-99C5-005D0E30FE99} = {D703CBB6-03F9-3190-99C5-005D0E30FE99}
		{B4332536-BAC2-32AE-BCA8-5FE4567A6575} = {B4332536-BAC2-32AE-BCA8-5FE4567A6575}
		{71746DC9-2311-32A9-81CF-95C7BAE9F68B} = {71746DC9-2311-32A9-81CF-95C7BAE9F68B}
		{5E21D103-5006-39C9-BA6C-D93EABF73DE0} = {5E21D103-5006-39C9-BA6C-D93EABF73DE0}
		{0BC8DE00-1E0B-3A54-B6A7-C32473FDE5C6} = {0BC8DE00-1E0B-3A54-B6A7-C32473FDE5C6}
	EndProjectSection
EndProject
Global
	GlobalSection(SolutionConfigurationPlatforms) = preSolution
		Debug|Win32 = Debug|Win32
		Release|Win32 = Release|Win32
		MinSizeRel|Win32 = MinSizeRel|Win32
		RelWithDebInfo|Win32 = RelWithDebInfo|Win32
	EndGlobalSection
	GlobalSection(ProjectConfigurationPlatforms) = postSolution
		{12E170D8-3673-32ED-95F5-F4A4A1C212B4}.Debug|Win32.ActiveCfg = Debug|Win32
		{12E170D8-3673-32ED-95F5-F4A4A1C212B4}.Release|Win32.ActiveCfg = Release|Win32
		{12E170D8-3673-32ED-95F5-F4A4A1C212B4}.MinSizeRel|Win32.ActiveCfg = MinSizeRel|Win32
		{12E170D8-3673-32ED-95F5-F4A4A1C212B4}.RelWithDebInfo|Win32.ActiveCfg = RelWithDebInfo|Win32
		{73F06A36-82D9-328A-94E4-5CF4ABAFE5B2}.Debug|Win32.ActiveCfg = Debug|Win32
		{73F06A36-82D9-328A-94E4-5CF4ABAFE5B2}.Debug|Win32.Build.0 = Debug|Win32
		{73F06A36-82D9-328A-94E4-5CF4ABAFE5B2}.Release|Win32.ActiveCfg = Release|Win32
		{73F06A36-82D9-328A-94E4-5CF4ABAFE5B2}.Release|Win32.Build.0 = Release|Win32
		{73F06A36-82D9-328A-94E4-5CF4ABAFE5B2}.MinSizeRel|Win32.ActiveCfg = MinSizeRel|Win32
		{73F06A36-82D9-328A-94E4-5CF4ABAFE5B2}.MinSizeRel|Win32.Build.0 = MinSizeRel|Win32
		{73F06A36-82D9-328A-94E4-5CF4ABAFE5B2}.RelWithDebInfo|Win32.ActiveCfg = RelWithDebInfo|Win32
		{73F06A36-82D9-328A-94E4-5CF4ABAFE5B2}.RelWithDebInfo|Win32.Build.0 = RelWithDebInfo|Win32
		{483C9D6D-D264-3D9C-B3EF-292AA0168316}.Debug|Win32.ActiveCfg = Debug|Win32
		{483C9D6D-D264-3D9C-B3EF-292AA0168316}.Debug|Win32.Build.0 = Debug|Win32
		{483C9D6D-D264-3D9C-B3EF-292AA0168316}.Release|Win32.ActiveCfg = Release|Win32
		{483C9D6D-D264-3D9C-B3EF-292AA0168316}.Release|Win32.Build.0 = Release|Win32
		{483C9D6D-D264-3D9C-B3EF-292AA0168316}.MinSizeRel|Win32.ActiveCfg = MinSizeRel|Win32
		{483C9D6D-D264-3D9C-B3EF-292AA0168316}.MinSizeRel|Win32.Build.0 = MinSizeRel|Win32
		{483C9D6D-D264-3D9C-B3EF-292AA0168316}.RelWithDebInfo|Win32.ActiveCfg = RelWithDebInfo|Win32
		{483C9D6D-D264-3D9C-B3EF-292AA0168316}.RelWithDebInfo|Win32.Build.0 = RelWithDebInfo|Win32
		{6A2DD814-BF2F-3185-B381-446C730DC5F9}.Debug|Win32.ActiveCfg = Debug|Win32
		{6A2DD814-BF2F-3185-B381-446C730DC5F9}.Debug|Win32.Build.0 = Debug|Win32
		{6A2DD814-BF2F-3185-B381-446C730DC5F9}.Release|Win32.ActiveCfg = Release|Win32
		{6A2DD814-BF2F-3185-B381-446C730DC5F9}.Release|Win32.Build.0 = Release|Win32
		{6A2DD814-BF2F-3185-B381-446C730DC5F9}.MinSizeRel|Win32.ActiveCfg = MinSizeRel|Win32
		{6A2DD814-BF2F-3185-B381-446C730DC5F9}.MinSizeRel|Win32.Build.0 = MinSizeRel|Win32
		{6A2DD814-BF2F-3185-B381-446C730DC5F9}.RelWithDebInfo|Win32.ActiveCfg = RelWithDebInfo|Win32
		{6A2DD814-BF2F-3185-B381-446C730DC5F9}.RelWithDebInfo|Win32.Build.0 = RelWithDebInfo|Win32
		{E849C369-A95F-3AAB-B13B-4520060A0C8F}.Debug|Win32.ActiveCfg = Debug|Win32
		{E849C369-A95F-3AAB-B13B-4520060A0C8F}.Debug|Win32.Build.0 = Debug|Win32
		{E849C369-A95F-3AAB-B13B-4520060A0C8F}.Release|Win32.ActiveCfg = Release|Win32
		{E849C369-A95F-3AAB-B13B-4520060A0C8F}.Release|Win32.Build.0 = Release|Win32
		{E849C369-A95F-3AAB-B13B-4520060A0C8F}.MinSizeRel|Win32.ActiveCfg = MinSizeRel|Win32
		{E849C369-A95F-3AAB-B13B-4520060A0C8F}.MinSizeRel|Win32.Build.0 = MinSizeRel|Win32
		{E849C369-A95F-3AAB-B13B-4520060A0C8F}.RelWithDebInfo|Win32.ActiveCfg = RelWithDebInfo|Win32
		{E849C369-A95F-3AAB-B13B-4520060A0C8F}.RelWithDebInfo|Win32.Build.0 = RelWithDebInfo|Win32
		{7FEA2E79-D9C0-35DC-AD16-BF99D0D5C298}.Debug|Win32.ActiveCfg = Debug|Win32
		{7FEA2E79-D9C0-35DC-AD16-BF99D0D5C298}.Debug|Win32.Build.0 = Debug|Win32
		{7FEA2E79-D9C0-35DC-AD16-BF99D0D5C298}.Release|Win32.ActiveCfg = Release|Win32
		{7FEA2E79-D9C0-35DC-AD16-BF99D0D5C298}.Release|Win32.Build.0 = Release|Win32
		{7FEA2E79-D9C0-35DC-AD16-BF99D0D5C298}.MinSizeRel|Win32.ActiveCfg = MinSizeRel|Win32
		{7FEA2E79-D9C0-35DC-AD16-BF99D0D5C298}.MinSizeRel|Win32.Build.0 = MinSizeRel|Win32
		{7FEA2E79-D9C0-35DC-AD16-BF99D0D5C298}.RelWithDebInfo|Win32.ActiveCfg = RelWithDebInfo|Win32
		{7FEA2E79-D9C0-35DC-AD16-BF99D0D5C298}.RelWithDebInfo|Win32.Build.0 = RelWithDebInfo|Win32
		{A320B730-2B16-3E81-95C4-370E9D8A4F96}.Debug|Win32.ActiveCfg = Debug|Win32
		{A320B730-2B16-3E81-95C4-370E9D8A4F96}.Debug|Win32.Build.0 = Debug|Win32
		{A320B730-2B16-3E81-95C4-370E9D8A4F96}.Release|Win32.ActiveCfg = Release|Win32
		{A320B730-2B16-3E81-95C4-370E9D8A4F96}.Release|Win32.Build.0 = Release|Win32
		{A320B730-2B16-3E81-95C4-370E9D8A4F96}.MinSizeRel|Win32.ActiveCfg = MinSizeRel|Win32
		{A320B730-2B16-3E81-95C4-370E9D8A4F96}.MinSizeRel|Win32.Build.0 = MinSizeRel|Win32
		{A320B730-2B16-3E81-95C4-370E9D8A4F96}.RelWithDebInfo|Win32.ActiveCfg = RelWithDebInfo|Win32
		{A320B730-2B16-3E81-95C4-370E9D8A4F96}.RelWithDebInfo|Win32.Build.0 = RelWithDebInfo|Win32
		{D3C72369-0674-396D-B325-E25AB6BBA4F9}.Debug|Win32.ActiveCfg = Debug|Win32
		{D3C72369-0674-396D-B325-E25AB6BBA4F9}.Debug|Win32.Build.0 = Debug|Win32
		{D3C72369-0674-396D-B325-E25AB6BBA4F9}.Release|Win32.ActiveCfg = Release|Win32
		{D3C72369-0674-396D-B325-E25AB6BBA4F9}.Release|Win32.Build.0 = Release|Win32
		{D3C72369-0674-396D-B325-E25AB6BBA4F9}.MinSizeRel|Win32.ActiveCfg = MinSizeRel|Win32
		{D3C72369-0674-396D-B325-E25AB6BBA4F9}.MinSizeRel|Win32.Build.0 = MinSizeRel|Win32
		{D3C72369-0674-396D-B325-E25AB6BBA4F9}.RelWithDebInfo|Win32.ActiveCfg = RelWithDebInfo|Win32
		{D3C72369-0674-396D-B325-E25AB6BBA4F9}.RelWithDebInfo|Win32.Build.0 = RelWithDebInfo|Win32
		{F083432F-89E3-34AE-9444-F10DE873AF67}.Debug|Win32.ActiveCfg = Debug|Win32
		{F083432F-89E3-34AE-9444-F10DE873AF67}.Debug|Win32.Build.0 = Debug|Win32
		{F083432F-89E3-34AE-9444-F10DE873AF67}.Release|Win32.ActiveCfg = Release|Win32
		{F083432F-89E3-34AE-9444-F10DE873AF67}.Release|Win32.Build.0 = Release|Win32
		{F083432F-89E3-34AE-9444-F10DE873AF67}.MinSizeRel|Win32.ActiveCfg = MinSizeRel|Win32
		{F083432F-89E3-34AE-9444-F10DE873AF67}.MinSizeRel|Win32.Build.0 = MinSizeRel|Win32
		{F083432F-89E3-34AE-9444-F10DE873AF67}.RelWithDebInfo|Win32.ActiveCfg = RelWithDebInfo|Win32
		{F083432F-89E3-34AE-9444-F10DE873AF67}.RelWithDebInfo|Win32.Build.0 = RelWithDebInfo|Win32
		{BE833533-787C-3B1C-9FD1-5D7C09F9C40A}.Debug|Win32.ActiveCfg = Debug|Win32
		{BE833533-787C-3B1C-9FD1-5D7C09F9C40A}.Debug|Win32.Build.0 = Debug|Win32
		{BE833533-787C-3B1C-9FD1-5D7C09F9C40A}.Release|Win32.ActiveCfg = Release|Win32
		{BE833533-787C-3B1C-9FD1-5D7C09F9C40A}.Release|Win32.Build.0 = Release|Win32
		{BE833533-787C-3B1C-9FD1-5D7C09F9C40A}.MinSizeRel|Win32.ActiveCfg = MinSizeRel|Win32
		{BE833533-787C-3B1C-9FD1-5D7C09F9C40A}.MinSizeRel|Win32.Build.0 = MinSizeRel|Win32
		{BE833533-787C-3B1C-9FD1-5D7C09F9C40A}.RelWithDebInfo|Win32.ActiveCfg = RelWithDebInfo|Win32
		{BE833533-787C-3B1C-9FD1-5D7C09F9C40A}.RelWithDebInfo|Win32.Build.0 = RelWithDebInfo|Win32
		{D703CBB6-03F9-3190-99C5-005D0E30FE99}.Debug|Win32.ActiveCfg = Debug|Win32
		{D703CBB6-03F9-3190-99C5-005D0E30FE99}.Debug|Win32.Build.0 = Debug|Win32
		{D703CBB6-03F9-3190-99C5-005D0E30FE99}.Release|Win32.ActiveCfg = Release|Win32
		{D703CBB6-03F9-3190-99C5-005D0E30FE99}.Release|Win32.Build.0 = Release|Win32
		{D703CBB6-03F9-3190-99C5-005D0E30FE99}.MinSizeRel|Win32.ActiveCfg = MinSizeRel|Win32
		{D703CBB6-03F9-3190-99C5-005D0E30FE99}.MinSizeRel|Win32.Build.0 = MinSizeRel|Win32
		{D703CBB6-03F9-3190-99C5-005D0E30FE99}.RelWithDebInfo|Win32.ActiveCfg = RelWithDebInfo|Win32
		{D703CBB6-03F9-3190-99C5-005D0E30FE99}.RelWithDebInfo|Win32.Build.0 = RelWithDebInfo|Win32
		{B4332536-BAC2-32AE-BCA8-5FE4567A6575}.Debug|Win32.ActiveCfg = Debug|Win32
		{B4332536-BAC2-32AE-BCA8-5FE4567A6575}.Debug|Win32.Build.0 = Debug|Win32
		{B4332536-BAC2-32AE-BCA8-5FE4567A6575}.Release|Win32.ActiveCfg = Release|Win32
		{B4332536-BAC2-32AE-BCA8-5FE4567A6575}.Release|Win32.Build.0 = Release|Win32
		{B4332536-BAC2-32AE-BCA8-5FE4567A6575}.MinSizeRel|Win32.ActiveCfg = MinSizeRel|Win32
		{B4332536-BAC2-32AE-BCA8-5FE4567A6575}.MinSizeRel|Win32.Build.0 = MinSizeRel|Win32
		{B4332536-BAC2-32AE-BCA8-5FE4567A6575}.RelWithDebInfo|Win32.ActiveCfg = RelWithDebInfo|Win32
		{B4332536-BAC2-32AE-BCA8-5FE4567A6575}.RelWithDebInfo|Win32.Build.0 = RelWithDebInfo|Win32
		{71746DC9-2311-32A9-81CF-95C7BAE9F68B}.Debug|Win32.ActiveCfg = Debug|Win32
		{71746DC9-2311-32A9-81CF-95C7BAE9F68B}.Debug|Win32.Build.0 = Debug|Win32
		{71746DC9-2311-32A9-81CF-95C7BAE9F68B}.Release|Win32.ActiveCfg = Release|Win32
		{71746DC9-2311-32A9-81CF-95C7BAE9F68B}.Release|Win32.Build.0 = Release|Win32
		{71746DC9-2311-32A9-81CF-95C7BAE9F68B}.MinSizeRel|Win32.ActiveCfg = MinSizeRel|Win32
		{71746DC9-2311-32A9-81CF-95C7BAE9F68B}.MinSizeRel|Win32.Build.0 = MinSizeRel|Win32
		{71746DC9-2311-32A9-81CF-95C7BAE9F68B}.RelWithDebInfo|Win32.ActiveCfg = RelWithDebInfo|Win32
		{71746DC9-2311-32A9-81CF-95C7BAE9F68B}.RelWithDebInfo|Win32.Build.0 = RelWithDebInfo|Win32
		{5E21D103-5006-39C9-BA6C-D93EABF73DE0}.Debug|Win32.ActiveCfg = Debug|Win32
		{5E21D103-5006-39C9-BA6C-D93EABF73DE0}.Debug|Win32.Build.0 = Debug|Win32
		{5E21D103-5006-39C9-BA6C-D93EABF73DE0}.Release|Win32.ActiveCfg = Release|Win32
		{5E21D103-5006-39C9-BA6C-D93EABF73DE0}.Release|Win32.Build.0 = Release|Win32
		{5E21D103-5006-39C9-BA6C-D93EABF73DE0}.MinSizeRel|Win32.ActiveCfg = MinSizeRel|Win32
		{5E21D103-5006-39C9-BA6C-D93EABF73DE0}.MinSizeRel|Win32.Build.0 = MinSizeRel|Win32
		{5E21D103-5006-39C9-BA6C-D93EABF73DE0}.RelWithDebInfo|Win32.ActiveCfg = RelWithDebInfo|Win32
		{5E21D103-5006-39C9-BA6C-D93EABF73DE0}.RelWithDebInfo|Win32.Build.0 = RelWithDebInfo|Win32
		{0BC8DE00-1E0B-3A54-B6A7-C32473FDE5C6}.Debug|Win32.ActiveCfg = Debug|Win32
		{0BC8DE00-1E0B-3A54-B6A7-C32473FDE5C6}.Debug|Win32.Build.0 = Debug|Win32
		{0BC8DE00-1E0B-3A54-B6A7-C32473FDE5C6}.Release|Win32.ActiveCfg = Release|Win32
		{0BC8DE00-1E0B-3A54-B6A7-C32473FDE5C6}.Release|Win32.Build.0 = Release|Win32
		{0BC8DE00-1E0B-3A54-B6A7-C32473FDE5C6}.MinSizeRel|Win32.ActiveCfg = MinSizeRel|Win32
		{0BC8DE00-1E0B-3A54-B6A7-C32473FDE5C6}.MinSizeRel|Win32.Build.0 = MinSizeRel|Win32
		{0BC8DE00-1E0B-3A54-B6A7-C32473FDE5C6}.RelWithDebInfo|Win32.ActiveCfg = RelWithDebInfo|Win32
		{0BC8DE00-1E0B-3A54-B6A7-C32473FDE5C6}.RelWithDebInfo|Win32.Build.0 = RelWithDebInfo|Win32
		{2B8C6E71-BB71-35D2-A948-C98B5A26ADCE}.Debug|Win32.ActiveCfg = Debug|Win32
		{2B8C6E71-BB71-35D2-A948-C98B5A26ADCE}.Debug|Win32.Build.0 = Debug|Win32
		{2B8C6E71-BB71-35D2-A948-C98B5A26ADCE}.Release|Win32.ActiveCfg = Release|Win32
		{2B8C6E71-BB71-35D2-A948-C98B5A26ADCE}.Release|Win32.Build.0 = Release|Win32
		{2B8C6E71-BB71-35D2-A948-C98B5A26ADCE}.MinSizeRel|Win32.ActiveCfg = MinSizeRel|Win32
		{2B8C6E71-BB71-35D2-A948-C98B5A26ADCE}.MinSizeRel|Win32.Build.0 = MinSizeRel|Win32
		{2B8C6E71-BB71-35D2-A948-C98B5A26ADCE}.RelWithDebInfo|Win32.ActiveCfg = RelWithDebInfo|Win32
		{2B8C6E71-BB71-35D2-A948-C98B5A26ADCE}.RelWithDebInfo|Win32.Build.0 = RelWithDebInfo|Win32
	EndGlobalSection
	GlobalSection(NestedProjects) = preSolution
		{12E170D8-3673-32ED-95F5-F4A4A1C212B4} = {BD208E9A-6B1B-364C-B997-ED94C3201F58}
		{6A2DD814-BF2F-3185-B381-446C730DC5F9} = {BD208E9A-6B1B-364C-B997-ED94C3201F58}
		{7FEA2E79-D9C0-35DC-AD16-BF99D0D5C298} = {D3C9A11F-DD6C-30AC-8E35-0A5836343337}
		{A320B730-2B16-3E81-95C4-370E9D8A4F96} = {D3C9A11F-DD6C-30AC-8E35-0A5836343337}
		{D3C72369-0674-396D-B325-E25AB6BBA4F9} = {D3C9A11F-DD6C-30AC-8E35-0A5836343337}
		{F083432F-89E3-34AE-9444-F10DE873AF67} = {D3C9A11F-DD6C-30AC-8E35-0A5836343337}
		{BE833533-787C-3B1C-9FD1-5D7C09F9C40A} = {D3C9A11F-DD6C-30AC-8E35-0A5836343337}
		{D703CBB6-03F9-3190-99C5-005D0E30FE99} = {D3C9A11F-DD6C-30AC-8E35-0A5836343337}
		{B4332536-BAC2-32AE-BCA8-5FE4567A6575} = {D3C9A11F-DD6C-30AC-8E35-0A5836343337}
		{71746DC9-2311-32A9-81CF-95C7BAE9F68B} = {D3C9A11F-DD6C-30AC-8E35-0A5836343337}
		{5E21D103-5006-39C9-BA6C-D93EABF73DE0} = {D3C9A11F-DD6C-30AC-8E35-0A5836343337}
		{0BC8DE00-1E0B-3A54-B6A7-C32473FDE5C6} = {D3C9A11F-DD6C-30AC-8E35-0A5836343337}
		{2B8C6E71-BB71-35D2-A948-C98B5A26ADCE} = {D3C9A11F-DD6C-30AC-8E35-0A5836343337}
		{E849C369-A95F-3AAB-B13B-4520060A0C8F} = {A01ECC86-0EE6-30F3-90E0-C6F20B885DD1}
		{73F06A36-82D9-328A-94E4-5CF4ABAFE5B2} = {910404B1-DC41-3A50-BB6C-14DD3550FA5E}
	EndGlobalSection
	GlobalSection(ExtensibilityGlobals) = postSolution
		SolutionGuid = {263CF878-8906-3012-BD5C-0D0A9E976259}
	EndGlobalSection
	GlobalSection(ExtensibilityAddIns) = postSolution
	EndGlobalSection
EndGlobal
