
Microsoft Visual Studio Solution File, Format Version 12.00
# Visual Studio 15
Project("{2150E333-8FDC-42A3-9474-1A3956D46DE8}") = "CMakePredefinedTargets", "CMakePredefinedTargets", "{D219DCC8-264E-3E6D-ABFE-C22467665524}"
EndProject
Project("{2150E333-8FDC-42A3-9474-1A3956D46DE8}") = "External", "External", "{86436719-2936-3B45-97E8-CF10417FB877}"
EndProject
Project("{2150E333-8FDC-42A3-9474-1A3956D46DE8}") = "Internal", "Internal", "{2DD64DA5-5E59-3604-9E74-27B1E1B90D65}"
EndProject
Project("{8BC9CEB8-8B4A-11D0-8D11-00A0C91BC942}") = "ALL_BUILD", "ALL_BUILD.vcxproj", "{8754C679-484F-376B-93CC-416E44919947}"
	ProjectSection(ProjectDependencies) = postProject
		{24C4E5D3-C87D-39EC-AA1F-ACA15F65DD99} = {24C4E5D3-C87D-39EC-AA1F-ACA15F65DD99}
		{1FDD4C21-E894-3093-B49D-04866440BBB4} = {1FDD4C21-E894-3093-B49D-04866440BBB4}
		{9E61A2A0-55E6-3678-80C5-89255DC39A02} = {9E61A2A0-55E6-3678-80C5-89255DC39A02}
		{2F1A95C9-0AF2-3AD7-A68B-73DA1F43A6AB} = {2F1A95C9-0AF2-3AD7-A68B-73DA1F43A6AB}
		{BC1176A9-9B7B-3D78-B4A5-847567801098} = {BC1176A9-9B7B-3D78-B4A5-847567801098}
		{02368D71-6568-3529-A9AE-8740FA159894} = {02368D71-6568-3529-A9AE-8740FA159894}
		{2977E1EF-78A4-31BF-A2B6-AC6D4BCA2DE6} = {2977E1EF-78A4-31BF-A2B6-AC6D4BCA2DE6}
		{725374FE-2655-31CC-A935-819774B64BAF} = {725374FE-2655-31CC-A935-819774B64BAF}
		{11BCEDA5-3C05-3F53-9474-E7D2CDFAC331} = {11BCEDA5-3C05-3F53-9474-E7D2CDFAC331}
		{9BF9A72C-DD49-335D-983C-53B455A3B668} = {9BF9A72C-DD49-335D-983C-53B455A3B668}
		{7149EA4C-23CB-3291-BF32-5AA1BE814054} = {7149EA4C-23CB-3291-BF32-5AA1BE814054}
		{B47BBDDA-3F70-30A5-A6A4-49F1B5CC58B9} = {B47BBDDA-3F70-30A5-A6A4-49F1B5CC58B9}
		{F5A77103-8350-35C7-94ED-7F9D280BCFC4} = {F5A77103-8350-35C7-94ED-7F9D280BCFC4}
	EndProjectSection
EndProject
Project("{8BC9CEB8-8B4A-11D0-8D11-00A0C91BC942}") = "ZERO_CHECK", "..\..\..\\ZERO_CHECK.vcxproj", "{24C4E5D3-C87D-39EC-AA1F-ACA15F65DD99}"
	ProjectSection(ProjectDependencies) = postProject
	EndProjectSection
EndProject
Project("{8BC9CEB8-8B4A-11D0-8D11-00A0C91BC942}") = "cocos2d", "cocos2d.vcxproj", "{1FDD4C21-E894-3093-B49D-04866440BBB4}"
	ProjectSection(ProjectDependencies) = postProject
		{24C4E5D3-C87D-39EC-AA1F-ACA15F65DD99} = {24C4E5D3-C87D-39EC-AA1F-ACA15F65DD99}
		{9E61A2A0-55E6-3678-80C5-89255DC39A02} = {9E61A2A0-55E6-3678-80C5-89255DC39A02}
		{2F1A95C9-0AF2-3AD7-A68B-73DA1F43A6AB} = {2F1A95C9-0AF2-3AD7-A68B-73DA1F43A6AB}
		{BC1176A9-9B7B-3D78-B4A5-847567801098} = {BC1176A9-9B7B-3D78-B4A5-847567801098}
		{02368D71-6568-3529-A9AE-8740FA159894} = {02368D71-6568-3529-A9AE-8740FA159894}
		{2977E1EF-78A4-31BF-A2B6-AC6D4BCA2DE6} = {2977E1EF-78A4-31BF-A2B6-AC6D4BCA2DE6}
		{725374FE-2655-31CC-A935-819774B64BAF} = {725374FE-2655-31CC-A935-819774B64BAF}
		{11BCEDA5-3C05-3F53-9474-E7D2CDFAC331} = {11BCEDA5-3C05-3F53-9474-E7D2CDFAC331}
		{9BF9A72C-DD49-335D-983C-53B455A3B668} = {9BF9A72C-DD49-335D-983C-53B455A3B668}
		{7149EA4C-23CB-3291-BF32-5AA1BE814054} = {7149EA4C-23CB-3291-BF32-5AA1BE814054}
		{B47BBDDA-3F70-30A5-A6A4-49F1B5CC58B9} = {B47BBDDA-3F70-30A5-A6A4-49F1B5CC58B9}
		{F5A77103-8350-35C7-94ED-7F9D280BCFC4} = {F5A77103-8350-35C7-94ED-7F9D280BCFC4}
	EndProjectSection
EndProject
Project("{8BC9CEB8-8B4A-11D0-8D11-00A0C91BC942}") = "ext_clipper", "..\..\external\clipper\ext_clipper.vcxproj", "{9E61A2A0-55E6-3678-80C5-89255DC39A02}"
	ProjectSection(ProjectDependencies) = postProject
		{24C4E5D3-C87D-39EC-AA1F-ACA15F65DD99} = {24C4E5D3-C87D-39EC-AA1F-ACA15F65DD99}
	EndProjectSection
EndProject
Project("{8BC9CEB8-8B4A-11D0-8D11-00A0C91BC942}") = "ext_convertUTF", "..\..\external\ConvertUTF\ext_convertUTF.vcxproj", "{2F1A95C9-0AF2-3AD7-A68B-73DA1F43A6AB}"
	ProjectSection(ProjectDependencies) = postProject
		{24C4E5D3-C87D-39EC-AA1F-ACA15F65DD99} = {24C4E5D3-C87D-39EC-AA1F-ACA15F65DD99}
	EndProjectSection
EndProject
Project("{8BC9CEB8-8B4A-11D0-8D11-00A0C91BC942}") = "ext_edtaa3func", "..\..\external\edtaa3func\ext_edtaa3func.vcxproj", "{BC1176A9-9B7B-3D78-B4A5-847567801098}"
	ProjectSection(ProjectDependencies) = postProject
		{24C4E5D3-C87D-39EC-AA1F-ACA15F65DD99} = {24C4E5D3-C87D-39EC-AA1F-ACA15F65DD99}
	EndProjectSection
EndProject
Project("{8BC9CEB8-8B4A-11D0-8D11-00A0C91BC942}") = "ext_md5", "..\..\external\md5\ext_md5.vcxproj", "{02368D71-6568-3529-A9AE-8740FA159894}"
	ProjectSection(ProjectDependencies) = postProject
		{24C4E5D3-C87D-39EC-AA1F-ACA15F65DD99} = {24C4E5D3-C87D-39EC-AA1F-ACA15F65DD99}
	EndProjectSection
EndProject
Project("{8BC9CEB8-8B4A-11D0-8D11-00A0C91BC942}") = "ext_poly2tri", "..\..\external\poly2tri\ext_poly2tri.vcxproj", "{2977E1EF-78A4-31BF-A2B6-AC6D4BCA2DE6}"
	ProjectSection(ProjectDependencies) = postProject
		{24C4E5D3-C87D-39EC-AA1F-ACA15F65DD99} = {24C4E5D3-C87D-39EC-AA1F-ACA15F65DD99}
	EndProjectSection
EndProject
Project("{8BC9CEB8-8B4A-11D0-8D11-00A0C91BC942}") = "ext_recast", "..\..\external\recast\ext_recast.vcxproj", "{725374FE-2655-31CC-A935-819774B64BAF}"
	ProjectSection(ProjectDependencies) = postProject
		{24C4E5D3-C87D-39EC-AA1F-ACA15F65DD99} = {24C4E5D3-C87D-39EC-AA1F-ACA15F65DD99}
	EndProjectSection
EndProject
Project("{8BC9CEB8-8B4A-11D0-8D11-00A0C91BC942}") = "ext_tinyxml2", "..\..\external\tinyxml2\ext_tinyxml2.vcxproj", "{11BCEDA5-3C05-3F53-9474-E7D2CDFAC331}"
	ProjectSection(ProjectDependencies) = postProject
		{24C4E5D3-C87D-39EC-AA1F-ACA15F65DD99} = {24C4E5D3-C87D-39EC-AA1F-ACA15F65DD99}
	EndProjectSection
EndProject
Project("{8BC9CEB8-8B4A-11D0-8D11-00A0C91BC942}") = "ext_unzip", "..\..\external\unzip\ext_unzip.vcxproj", "{9BF9A72C-DD49-335D-983C-53B455A3B668}"
	ProjectSection(ProjectDependencies) = postProject
		{24C4E5D3-C87D-39EC-AA1F-ACA15F65DD99} = {24C4E5D3-C87D-39EC-AA1F-ACA15F65DD99}
	EndProjectSection
EndProject
Project("{8BC9CEB8-8B4A-11D0-8D11-00A0C91BC942}") = "ext_xxhash", "..\..\external\xxhash\ext_xxhash.vcxproj", "{7149EA4C-23CB-3291-BF32-5AA1BE814054}"
	ProjectSection(ProjectDependencies) = postProject
		{24C4E5D3-C87D-39EC-AA1F-ACA15F65DD99} = {24C4E5D3-C87D-39EC-AA1F-ACA15F65DD99}
	EndProjectSection
EndProject
Project("{8BC9CEB8-8B4A-11D0-8D11-00A0C91BC942}") = "ext_xxtea", "..\..\external\xxtea\ext_xxtea.vcxproj", "{B47BBDDA-3F70-30A5-A6A4-49F1B5CC58B9}"
	ProjectSection(ProjectDependencies) = postProject
		{24C4E5D3-C87D-39EC-AA1F-ACA15F65DD99} = {24C4E5D3-C87D-39EC-AA1F-ACA15F65DD99}
	EndProjectSection
EndProject
Project("{8BC9CEB8-8B4A-11D0-8D11-00A0C91BC942}") = "external", "..\..\external\external.vcxproj", "{F5A77103-8350-35C7-94ED-7F9D280BCFC4}"
	ProjectSection(ProjectDependencies) = postProject
		{24C4E5D3-C87D-39EC-AA1F-ACA15F65DD99} = {24C4E5D3-C87D-39EC-AA1F-ACA15F65DD99}
		{9E61A2A0-55E6-3678-80C5-89255DC39A02} = {9E61A2A0-55E6-3678-80C5-89255DC39A02}
		{2F1A95C9-0AF2-3AD7-A68B-73DA1F43A6AB} = {2F1A95C9-0AF2-3AD7-A68B-73DA1F43A6AB}
		{BC1176A9-9B7B-3D78-B4A5-847567801098} = {BC1176A9-9B7B-3D78-B4A5-847567801098}
		{02368D71-6568-3529-A9AE-8740FA159894} = {02368D71-6568-3529-A9AE-8740FA159894}
		{2977E1EF-78A4-31BF-A2B6-AC6D4BCA2DE6} = {2977E1EF-78A4-31BF-A2B6-AC6D4BCA2DE6}
		{725374FE-2655-31CC-A935-819774B64BAF} = {725374FE-2655-31CC-A935-819774B64BAF}
		{11BCEDA5-3C05-3F53-9474-E7D2CDFAC331} = {11BCEDA5-3C05-3F53-9474-E7D2CDFAC331}
		{9BF9A72C-DD49-335D-983C-53B455A3B668} = {9BF9A72C-DD49-335D-983C-53B455A3B668}
		{7149EA4C-23CB-3291-BF32-5AA1BE814054} = {7149EA4C-23CB-3291-BF32-5AA1BE814054}
		{B47BBDDA-3F70-30A5-A6A4-49F1B5CC58B9} = {B47BBDDA-3F70-30A5-A6A4-49F1B5CC58B9}
	EndProjectSection
EndProject
Global
	GlobalSection(SolutionConfigurationPlatforms) = preSolution
		Debug|Win32 = Debug|Win32
		Release|Win32 = Release|Win32
		MinSizeRel|Win32 = MinSizeRel|Win32
		RelWithDebInfo|Win32 = RelWithDebInfo|Win32
	EndGlobalSection
	GlobalSection(ProjectConfigurationPlatforms) = postSolution
		{8754C679-484F-376B-93CC-416E44919947}.Debug|Win32.ActiveCfg = Debug|Win32
		{8754C679-484F-376B-93CC-416E44919947}.Release|Win32.ActiveCfg = Release|Win32
		{8754C679-484F-376B-93CC-416E44919947}.MinSizeRel|Win32.ActiveCfg = MinSizeRel|Win32
		{8754C679-484F-376B-93CC-416E44919947}.RelWithDebInfo|Win32.ActiveCfg = RelWithDebInfo|Win32
		{24C4E5D3-C87D-39EC-AA1F-ACA15F65DD99}.Debug|Win32.ActiveCfg = Debug|Win32
		{24C4E5D3-C87D-39EC-AA1F-ACA15F65DD99}.Debug|Win32.Build.0 = Debug|Win32
		{24C4E5D3-C87D-39EC-AA1F-ACA15F65DD99}.Release|Win32.ActiveCfg = Release|Win32
		{24C4E5D3-C87D-39EC-AA1F-ACA15F65DD99}.Release|Win32.Build.0 = Release|Win32
		{24C4E5D3-C87D-39EC-AA1F-ACA15F65DD99}.MinSizeRel|Win32.ActiveCfg = MinSizeRel|Win32
		{24C4E5D3-C87D-39EC-AA1F-ACA15F65DD99}.MinSizeRel|Win32.Build.0 = MinSizeRel|Win32
		{24C4E5D3-C87D-39EC-AA1F-ACA15F65DD99}.RelWithDebInfo|Win32.ActiveCfg = RelWithDebInfo|Win32
		{24C4E5D3-C87D-39EC-AA1F-ACA15F65DD99}.RelWithDebInfo|Win32.Build.0 = RelWithDebInfo|Win32
		{1FDD4C21-E894-3093-B49D-04866440BBB4}.Debug|Win32.ActiveCfg = Debug|Win32
		{1FDD4C21-E894-3093-B49D-04866440BBB4}.Debug|Win32.Build.0 = Debug|Win32
		{1FDD4C21-E894-3093-B49D-04866440BBB4}.Release|Win32.ActiveCfg = Release|Win32
		{1FDD4C21-E894-3093-B49D-04866440BBB4}.Release|Win32.Build.0 = Release|Win32
		{1FDD4C21-E894-3093-B49D-04866440BBB4}.MinSizeRel|Win32.ActiveCfg = MinSizeRel|Win32
		{1FDD4C21-E894-3093-B49D-04866440BBB4}.MinSizeRel|Win32.Build.0 = MinSizeRel|Win32
		{1FDD4C21-E894-3093-B49D-04866440BBB4}.RelWithDebInfo|Win32.ActiveCfg = RelWithDebInfo|Win32
		{1FDD4C21-E894-3093-B49D-04866440BBB4}.RelWithDebInfo|Win32.Build.0 = RelWithDebInfo|Win32
		{9E61A2A0-55E6-3678-80C5-89255DC39A02}.Debug|Win32.ActiveCfg = Debug|Win32
		{9E61A2A0-55E6-3678-80C5-89255DC39A02}.Debug|Win32.Build.0 = Debug|Win32
		{9E61A2A0-55E6-3678-80C5-89255DC39A02}.Release|Win32.ActiveCfg = Release|Win32
		{9E61A2A0-55E6-3678-80C5-89255DC39A02}.Release|Win32.Build.0 = Release|Win32
		{9E61A2A0-55E6-3678-80C5-89255DC39A02}.MinSizeRel|Win32.ActiveCfg = MinSizeRel|Win32
		{9E61A2A0-55E6-3678-80C5-89255DC39A02}.MinSizeRel|Win32.Build.0 = MinSizeRel|Win32
		{9E61A2A0-55E6-3678-80C5-89255DC39A02}.RelWithDebInfo|Win32.ActiveCfg = RelWithDebInfo|Win32
		{9E61A2A0-55E6-3678-80C5-89255DC39A02}.RelWithDebInfo|Win32.Build.0 = RelWithDebInfo|Win32
		{2F1A95C9-0AF2-3AD7-A68B-73DA1F43A6AB}.Debug|Win32.ActiveCfg = Debug|Win32
		{2F1A95C9-0AF2-3AD7-A68B-73DA1F43A6AB}.Debug|Win32.Build.0 = Debug|Win32
		{2F1A95C9-0AF2-3AD7-A68B-73DA1F43A6AB}.Release|Win32.ActiveCfg = Release|Win32
		{2F1A95C9-0AF2-3AD7-A68B-73DA1F43A6AB}.Release|Win32.Build.0 = Release|Win32
		{2F1A95C9-0AF2-3AD7-A68B-73DA1F43A6AB}.MinSizeRel|Win32.ActiveCfg = MinSizeRel|Win32
		{2F1A95C9-0AF2-3AD7-A68B-73DA1F43A6AB}.MinSizeRel|Win32.Build.0 = MinSizeRel|Win32
		{2F1A95C9-0AF2-3AD7-A68B-73DA1F43A6AB}.RelWithDebInfo|Win32.ActiveCfg = RelWithDebInfo|Win32
		{2F1A95C9-0AF2-3AD7-A68B-73DA1F43A6AB}.RelWithDebInfo|Win32.Build.0 = RelWithDebInfo|Win32
		{BC1176A9-9B7B-3D78-B4A5-847567801098}.Debug|Win32.ActiveCfg = Debug|Win32
		{BC1176A9-9B7B-3D78-B4A5-847567801098}.Debug|Win32.Build.0 = Debug|Win32
		{BC1176A9-9B7B-3D78-B4A5-847567801098}.Release|Win32.ActiveCfg = Release|Win32
		{BC1176A9-9B7B-3D78-B4A5-847567801098}.Release|Win32.Build.0 = Release|Win32
		{BC1176A9-9B7B-3D78-B4A5-847567801098}.MinSizeRel|Win32.ActiveCfg = MinSizeRel|Win32
		{BC1176A9-9B7B-3D78-B4A5-847567801098}.MinSizeRel|Win32.Build.0 = MinSizeRel|Win32
		{BC1176A9-9B7B-3D78-B4A5-847567801098}.RelWithDebInfo|Win32.ActiveCfg = RelWithDebInfo|Win32
		{BC1176A9-9B7B-3D78-B4A5-847567801098}.RelWithDebInfo|Win32.Build.0 = RelWithDebInfo|Win32
		{02368D71-6568-3529-A9AE-8740FA159894}.Debug|Win32.ActiveCfg = Debug|Win32
		{02368D71-6568-3529-A9AE-8740FA159894}.Debug|Win32.Build.0 = Debug|Win32
		{02368D71-6568-3529-A9AE-8740FA159894}.Release|Win32.ActiveCfg = Release|Win32
		{02368D71-6568-3529-A9AE-8740FA159894}.Release|Win32.Build.0 = Release|Win32
		{02368D71-6568-3529-A9AE-8740FA159894}.MinSizeRel|Win32.ActiveCfg = MinSizeRel|Win32
		{02368D71-6568-3529-A9AE-8740FA159894}.MinSizeRel|Win32.Build.0 = MinSizeRel|Win32
		{02368D71-6568-3529-A9AE-8740FA159894}.RelWithDebInfo|Win32.ActiveCfg = RelWithDebInfo|Win32
		{02368D71-6568-3529-A9AE-8740FA159894}.RelWithDebInfo|Win32.Build.0 = RelWithDebInfo|Win32
		{2977E1EF-78A4-31BF-A2B6-AC6D4BCA2DE6}.Debug|Win32.ActiveCfg = Debug|Win32
		{2977E1EF-78A4-31BF-A2B6-AC6D4BCA2DE6}.Debug|Win32.Build.0 = Debug|Win32
		{2977E1EF-78A4-31BF-A2B6-AC6D4BCA2DE6}.Release|Win32.ActiveCfg = Release|Win32
		{2977E1EF-78A4-31BF-A2B6-AC6D4BCA2DE6}.Release|Win32.Build.0 = Release|Win32
		{2977E1EF-78A4-31BF-A2B6-AC6D4BCA2DE6}.MinSizeRel|Win32.ActiveCfg = MinSizeRel|Win32
		{2977E1EF-78A4-31BF-A2B6-AC6D4BCA2DE6}.MinSizeRel|Win32.Build.0 = MinSizeRel|Win32
		{2977E1EF-78A4-31BF-A2B6-AC6D4BCA2DE6}.RelWithDebInfo|Win32.ActiveCfg = RelWithDebInfo|Win32
		{2977E1EF-78A4-31BF-A2B6-AC6D4BCA2DE6}.RelWithDebInfo|Win32.Build.0 = RelWithDebInfo|Win32
		{725374FE-2655-31CC-A935-819774B64BAF}.Debug|Win32.ActiveCfg = Debug|Win32
		{725374FE-2655-31CC-A935-819774B64BAF}.Debug|Win32.Build.0 = Debug|Win32
		{725374FE-2655-31CC-A935-819774B64BAF}.Release|Win32.ActiveCfg = Release|Win32
		{725374FE-2655-31CC-A935-819774B64BAF}.Release|Win32.Build.0 = Release|Win32
		{725374FE-2655-31CC-A935-819774B64BAF}.MinSizeRel|Win32.ActiveCfg = MinSizeRel|Win32
		{725374FE-2655-31CC-A935-819774B64BAF}.MinSizeRel|Win32.Build.0 = MinSizeRel|Win32
		{725374FE-2655-31CC-A935-819774B64BAF}.RelWithDebInfo|Win32.ActiveCfg = RelWithDebInfo|Win32
		{725374FE-2655-31CC-A935-819774B64BAF}.RelWithDebInfo|Win32.Build.0 = RelWithDebInfo|Win32
		{11BCEDA5-3C05-3F53-9474-E7D2CDFAC331}.Debug|Win32.ActiveCfg = Debug|Win32
		{11BCEDA5-3C05-3F53-9474-E7D2CDFAC331}.Debug|Win32.Build.0 = Debug|Win32
		{11BCEDA5-3C05-3F53-9474-E7D2CDFAC331}.Release|Win32.ActiveCfg = Release|Win32
		{11BCEDA5-3C05-3F53-9474-E7D2CDFAC331}.Release|Win32.Build.0 = Release|Win32
		{11BCEDA5-3C05-3F53-9474-E7D2CDFAC331}.MinSizeRel|Win32.ActiveCfg = MinSizeRel|Win32
		{11BCEDA5-3C05-3F53-9474-E7D2CDFAC331}.MinSizeRel|Win32.Build.0 = MinSizeRel|Win32
		{11BCEDA5-3C05-3F53-9474-E7D2CDFAC331}.RelWithDebInfo|Win32.ActiveCfg = RelWithDebInfo|Win32
		{11BCEDA5-3C05-3F53-9474-E7D2CDFAC331}.RelWithDebInfo|Win32.Build.0 = RelWithDebInfo|Win32
		{9BF9A72C-DD49-335D-983C-53B455A3B668}.Debug|Win32.ActiveCfg = Debug|Win32
		{9BF9A72C-DD49-335D-983C-53B455A3B668}.Debug|Win32.Build.0 = Debug|Win32
		{9BF9A72C-DD49-335D-983C-53B455A3B668}.Release|Win32.ActiveCfg = Release|Win32
		{9BF9A72C-DD49-335D-983C-53B455A3B668}.Release|Win32.Build.0 = Release|Win32
		{9BF9A72C-DD49-335D-983C-53B455A3B668}.MinSizeRel|Win32.ActiveCfg = MinSizeRel|Win32
		{9BF9A72C-DD49-335D-983C-53B455A3B668}.MinSizeRel|Win32.Build.0 = MinSizeRel|Win32
		{9BF9A72C-DD49-335D-983C-53B455A3B668}.RelWithDebInfo|Win32.ActiveCfg = RelWithDebInfo|Win32
		{9BF9A72C-DD49-335D-983C-53B455A3B668}.RelWithDebInfo|Win32.Build.0 = RelWithDebInfo|Win32
		{7149EA4C-23CB-3291-BF32-5AA1BE814054}.Debug|Win32.ActiveCfg = Debug|Win32
		{7149EA4C-23CB-3291-BF32-5AA1BE814054}.Debug|Win32.Build.0 = Debug|Win32
		{7149EA4C-23CB-3291-BF32-5AA1BE814054}.Release|Win32.ActiveCfg = Release|Win32
		{7149EA4C-23CB-3291-BF32-5AA1BE814054}.Release|Win32.Build.0 = Release|Win32
		{7149EA4C-23CB-3291-BF32-5AA1BE814054}.MinSizeRel|Win32.ActiveCfg = MinSizeRel|Win32
		{7149EA4C-23CB-3291-BF32-5AA1BE814054}.MinSizeRel|Win32.Build.0 = MinSizeRel|Win32
		{7149EA4C-23CB-3291-BF32-5AA1BE814054}.RelWithDebInfo|Win32.ActiveCfg = RelWithDebInfo|Win32
		{7149EA4C-23CB-3291-BF32-5AA1BE814054}.RelWithDebInfo|Win32.Build.0 = RelWithDebInfo|Win32
		{B47BBDDA-3F70-30A5-A6A4-49F1B5CC58B9}.Debug|Win32.ActiveCfg = Debug|Win32
		{B47BBDDA-3F70-30A5-A6A4-49F1B5CC58B9}.Debug|Win32.Build.0 = Debug|Win32
		{B47BBDDA-3F70-30A5-A6A4-49F1B5CC58B9}.Release|Win32.ActiveCfg = Release|Win32
		{B47BBDDA-3F70-30A5-A6A4-49F1B5CC58B9}.Release|Win32.Build.0 = Release|Win32
		{B47BBDDA-3F70-30A5-A6A4-49F1B5CC58B9}.MinSizeRel|Win32.ActiveCfg = MinSizeRel|Win32
		{B47BBDDA-3F70-30A5-A6A4-49F1B5CC58B9}.MinSizeRel|Win32.Build.0 = MinSizeRel|Win32
		{B47BBDDA-3F70-30A5-A6A4-49F1B5CC58B9}.RelWithDebInfo|Win32.ActiveCfg = RelWithDebInfo|Win32
		{B47BBDDA-3F70-30A5-A6A4-49F1B5CC58B9}.RelWithDebInfo|Win32.Build.0 = RelWithDebInfo|Win32
		{F5A77103-8350-35C7-94ED-7F9D280BCFC4}.Debug|Win32.ActiveCfg = Debug|Win32
		{F5A77103-8350-35C7-94ED-7F9D280BCFC4}.Debug|Win32.Build.0 = Debug|Win32
		{F5A77103-8350-35C7-94ED-7F9D280BCFC4}.Release|Win32.ActiveCfg = Release|Win32
		{F5A77103-8350-35C7-94ED-7F9D280BCFC4}.Release|Win32.Build.0 = Release|Win32
		{F5A77103-8350-35C7-94ED-7F9D280BCFC4}.MinSizeRel|Win32.ActiveCfg = MinSizeRel|Win32
		{F5A77103-8350-35C7-94ED-7F9D280BCFC4}.MinSizeRel|Win32.Build.0 = MinSizeRel|Win32
		{F5A77103-8350-35C7-94ED-7F9D280BCFC4}.RelWithDebInfo|Win32.ActiveCfg = RelWithDebInfo|Win32
		{F5A77103-8350-35C7-94ED-7F9D280BCFC4}.RelWithDebInfo|Win32.Build.0 = RelWithDebInfo|Win32
	EndGlobalSection
	GlobalSection(NestedProjects) = preSolution
		{8754C679-484F-376B-93CC-416E44919947} = {D219DCC8-264E-3E6D-ABFE-C22467665524}
		{24C4E5D3-C87D-39EC-AA1F-ACA15F65DD99} = {D219DCC8-264E-3E6D-ABFE-C22467665524}
		{9E61A2A0-55E6-3678-80C5-89255DC39A02} = {86436719-2936-3B45-97E8-CF10417FB877}
		{2F1A95C9-0AF2-3AD7-A68B-73DA1F43A6AB} = {86436719-2936-3B45-97E8-CF10417FB877}
		{BC1176A9-9B7B-3D78-B4A5-847567801098} = {86436719-2936-3B45-97E8-CF10417FB877}
		{02368D71-6568-3529-A9AE-8740FA159894} = {86436719-2936-3B45-97E8-CF10417FB877}
		{2977E1EF-78A4-31BF-A2B6-AC6D4BCA2DE6} = {86436719-2936-3B45-97E8-CF10417FB877}
		{725374FE-2655-31CC-A935-819774B64BAF} = {86436719-2936-3B45-97E8-CF10417FB877}
		{11BCEDA5-3C05-3F53-9474-E7D2CDFAC331} = {86436719-2936-3B45-97E8-CF10417FB877}
		{9BF9A72C-DD49-335D-983C-53B455A3B668} = {86436719-2936-3B45-97E8-CF10417FB877}
		{7149EA4C-23CB-3291-BF32-5AA1BE814054} = {86436719-2936-3B45-97E8-CF10417FB877}
		{B47BBDDA-3F70-30A5-A6A4-49F1B5CC58B9} = {86436719-2936-3B45-97E8-CF10417FB877}
		{F5A77103-8350-35C7-94ED-7F9D280BCFC4} = {86436719-2936-3B45-97E8-CF10417FB877}
		{1FDD4C21-E894-3093-B49D-04866440BBB4} = {2DD64DA5-5E59-3604-9E74-27B1E1B90D65}
	EndGlobalSection
	GlobalSection(ExtensibilityGlobals) = postSolution
		SolutionGuid = {9FE8FDE5-D508-30AF-A58E-5CA661B88AA6}
	EndGlobalSection
	GlobalSection(ExtensibilityAddIns) = postSolution
	EndGlobalSection
EndGlobal
