
Microsoft Visual Studio Solution File, Format Version 12.00
# Visual Studio 15
<<<<<<< HEAD
Project("{2150E333-8FDC-42A3-9474-1A3956D46DE8}") = "CMakePredefinedTargets", "CMakePredefinedTargets", "{BD208E9A-6B1B-364C-B997-ED94C3201F58}"
EndProject
Project("{2150E333-8FDC-42A3-9474-1A3956D46DE8}") = "External", "External", "{D3C9A11F-DD6C-30AC-8E35-0A5836343337}"
EndProject
Project("{2150E333-8FDC-42A3-9474-1A3956D46DE8}") = "Internal", "Internal", "{A01ECC86-0EE6-30F3-90E0-C6F20B885DD1}"
EndProject
Project("{8BC9CEB8-8B4A-11D0-8D11-00A0C91BC942}") = "ALL_BUILD", "ALL_BUILD.vcxproj", "{12E170D8-3673-32ED-95F5-F4A4A1C212B4}"
	ProjectSection(ProjectDependencies) = postProject
		{6A2DD814-BF2F-3185-B381-446C730DC5F9} = {6A2DD814-BF2F-3185-B381-446C730DC5F9}
		{E849C369-A95F-3AAB-B13B-4520060A0C8F} = {E849C369-A95F-3AAB-B13B-4520060A0C8F}
		{7FEA2E79-D9C0-35DC-AD16-BF99D0D5C298} = {7FEA2E79-D9C0-35DC-AD16-BF99D0D5C298}
		{A320B730-2B16-3E81-95C4-370E9D8A4F96} = {A320B730-2B16-3E81-95C4-370E9D8A4F96}
		{D3C72369-0674-396D-B325-E25AB6BBA4F9} = {D3C72369-0674-396D-B325-E25AB6BBA4F9}
		{F083432F-89E3-34AE-9444-F10DE873AF67} = {F083432F-89E3-34AE-9444-F10DE873AF67}
		{BE833533-787C-3B1C-9FD1-5D7C09F9C40A} = {BE833533-787C-3B1C-9FD1-5D7C09F9C40A}
		{D703CBB6-03F9-3190-99C5-005D0E30FE99} = {D703CBB6-03F9-3190-99C5-005D0E30FE99}
		{B4332536-BAC2-32AE-BCA8-5FE4567A6575} = {B4332536-BAC2-32AE-BCA8-5FE4567A6575}
		{71746DC9-2311-32A9-81CF-95C7BAE9F68B} = {71746DC9-2311-32A9-81CF-95C7BAE9F68B}
		{5E21D103-5006-39C9-BA6C-D93EABF73DE0} = {5E21D103-5006-39C9-BA6C-D93EABF73DE0}
		{0BC8DE00-1E0B-3A54-B6A7-C32473FDE5C6} = {0BC8DE00-1E0B-3A54-B6A7-C32473FDE5C6}
		{2B8C6E71-BB71-35D2-A948-C98B5A26ADCE} = {2B8C6E71-BB71-35D2-A948-C98B5A26ADCE}
	EndProjectSection
EndProject
Project("{8BC9CEB8-8B4A-11D0-8D11-00A0C91BC942}") = "ZERO_CHECK", "..\..\..\\ZERO_CHECK.vcxproj", "{6A2DD814-BF2F-3185-B381-446C730DC5F9}"
	ProjectSection(ProjectDependencies) = postProject
	EndProjectSection
EndProject
Project("{8BC9CEB8-8B4A-11D0-8D11-00A0C91BC942}") = "cocos2d", "cocos2d.vcxproj", "{E849C369-A95F-3AAB-B13B-4520060A0C8F}"
	ProjectSection(ProjectDependencies) = postProject
		{6A2DD814-BF2F-3185-B381-446C730DC5F9} = {6A2DD814-BF2F-3185-B381-446C730DC5F9}
		{7FEA2E79-D9C0-35DC-AD16-BF99D0D5C298} = {7FEA2E79-D9C0-35DC-AD16-BF99D0D5C298}
		{A320B730-2B16-3E81-95C4-370E9D8A4F96} = {A320B730-2B16-3E81-95C4-370E9D8A4F96}
		{D3C72369-0674-396D-B325-E25AB6BBA4F9} = {D3C72369-0674-396D-B325-E25AB6BBA4F9}
		{F083432F-89E3-34AE-9444-F10DE873AF67} = {F083432F-89E3-34AE-9444-F10DE873AF67}
		{BE833533-787C-3B1C-9FD1-5D7C09F9C40A} = {BE833533-787C-3B1C-9FD1-5D7C09F9C40A}
		{D703CBB6-03F9-3190-99C5-005D0E30FE99} = {D703CBB6-03F9-3190-99C5-005D0E30FE99}
		{B4332536-BAC2-32AE-BCA8-5FE4567A6575} = {B4332536-BAC2-32AE-BCA8-5FE4567A6575}
		{71746DC9-2311-32A9-81CF-95C7BAE9F68B} = {71746DC9-2311-32A9-81CF-95C7BAE9F68B}
		{5E21D103-5006-39C9-BA6C-D93EABF73DE0} = {5E21D103-5006-39C9-BA6C-D93EABF73DE0}
		{0BC8DE00-1E0B-3A54-B6A7-C32473FDE5C6} = {0BC8DE00-1E0B-3A54-B6A7-C32473FDE5C6}
		{2B8C6E71-BB71-35D2-A948-C98B5A26ADCE} = {2B8C6E71-BB71-35D2-A948-C98B5A26ADCE}
	EndProjectSection
EndProject
Project("{8BC9CEB8-8B4A-11D0-8D11-00A0C91BC942}") = "ext_clipper", "..\..\external\clipper\ext_clipper.vcxproj", "{7FEA2E79-D9C0-35DC-AD16-BF99D0D5C298}"
	ProjectSection(ProjectDependencies) = postProject
		{6A2DD814-BF2F-3185-B381-446C730DC5F9} = {6A2DD814-BF2F-3185-B381-446C730DC5F9}
	EndProjectSection
EndProject
Project("{8BC9CEB8-8B4A-11D0-8D11-00A0C91BC942}") = "ext_convertUTF", "..\..\external\ConvertUTF\ext_convertUTF.vcxproj", "{A320B730-2B16-3E81-95C4-370E9D8A4F96}"
	ProjectSection(ProjectDependencies) = postProject
		{6A2DD814-BF2F-3185-B381-446C730DC5F9} = {6A2DD814-BF2F-3185-B381-446C730DC5F9}
	EndProjectSection
EndProject
Project("{8BC9CEB8-8B4A-11D0-8D11-00A0C91BC942}") = "ext_edtaa3func", "..\..\external\edtaa3func\ext_edtaa3func.vcxproj", "{D3C72369-0674-396D-B325-E25AB6BBA4F9}"
	ProjectSection(ProjectDependencies) = postProject
		{6A2DD814-BF2F-3185-B381-446C730DC5F9} = {6A2DD814-BF2F-3185-B381-446C730DC5F9}
	EndProjectSection
EndProject
Project("{8BC9CEB8-8B4A-11D0-8D11-00A0C91BC942}") = "ext_md5", "..\..\external\md5\ext_md5.vcxproj", "{F083432F-89E3-34AE-9444-F10DE873AF67}"
	ProjectSection(ProjectDependencies) = postProject
		{6A2DD814-BF2F-3185-B381-446C730DC5F9} = {6A2DD814-BF2F-3185-B381-446C730DC5F9}
	EndProjectSection
EndProject
Project("{8BC9CEB8-8B4A-11D0-8D11-00A0C91BC942}") = "ext_poly2tri", "..\..\external\poly2tri\ext_poly2tri.vcxproj", "{BE833533-787C-3B1C-9FD1-5D7C09F9C40A}"
	ProjectSection(ProjectDependencies) = postProject
		{6A2DD814-BF2F-3185-B381-446C730DC5F9} = {6A2DD814-BF2F-3185-B381-446C730DC5F9}
	EndProjectSection
EndProject
Project("{8BC9CEB8-8B4A-11D0-8D11-00A0C91BC942}") = "ext_recast", "..\..\external\recast\ext_recast.vcxproj", "{D703CBB6-03F9-3190-99C5-005D0E30FE99}"
	ProjectSection(ProjectDependencies) = postProject
		{6A2DD814-BF2F-3185-B381-446C730DC5F9} = {6A2DD814-BF2F-3185-B381-446C730DC5F9}
	EndProjectSection
EndProject
Project("{8BC9CEB8-8B4A-11D0-8D11-00A0C91BC942}") = "ext_tinyxml2", "..\..\external\tinyxml2\ext_tinyxml2.vcxproj", "{B4332536-BAC2-32AE-BCA8-5FE4567A6575}"
	ProjectSection(ProjectDependencies) = postProject
		{6A2DD814-BF2F-3185-B381-446C730DC5F9} = {6A2DD814-BF2F-3185-B381-446C730DC5F9}
	EndProjectSection
EndProject
Project("{8BC9CEB8-8B4A-11D0-8D11-00A0C91BC942}") = "ext_unzip", "..\..\external\unzip\ext_unzip.vcxproj", "{71746DC9-2311-32A9-81CF-95C7BAE9F68B}"
	ProjectSection(ProjectDependencies) = postProject
		{6A2DD814-BF2F-3185-B381-446C730DC5F9} = {6A2DD814-BF2F-3185-B381-446C730DC5F9}
	EndProjectSection
EndProject
Project("{8BC9CEB8-8B4A-11D0-8D11-00A0C91BC942}") = "ext_xxhash", "..\..\external\xxhash\ext_xxhash.vcxproj", "{5E21D103-5006-39C9-BA6C-D93EABF73DE0}"
	ProjectSection(ProjectDependencies) = postProject
		{6A2DD814-BF2F-3185-B381-446C730DC5F9} = {6A2DD814-BF2F-3185-B381-446C730DC5F9}
	EndProjectSection
EndProject
Project("{8BC9CEB8-8B4A-11D0-8D11-00A0C91BC942}") = "ext_xxtea", "..\..\external\xxtea\ext_xxtea.vcxproj", "{0BC8DE00-1E0B-3A54-B6A7-C32473FDE5C6}"
	ProjectSection(ProjectDependencies) = postProject
		{6A2DD814-BF2F-3185-B381-446C730DC5F9} = {6A2DD814-BF2F-3185-B381-446C730DC5F9}
	EndProjectSection
EndProject
Project("{8BC9CEB8-8B4A-11D0-8D11-00A0C91BC942}") = "external", "..\..\external\external.vcxproj", "{2B8C6E71-BB71-35D2-A948-C98B5A26ADCE}"
	ProjectSection(ProjectDependencies) = postProject
		{6A2DD814-BF2F-3185-B381-446C730DC5F9} = {6A2DD814-BF2F-3185-B381-446C730DC5F9}
		{7FEA2E79-D9C0-35DC-AD16-BF99D0D5C298} = {7FEA2E79-D9C0-35DC-AD16-BF99D0D5C298}
		{A320B730-2B16-3E81-95C4-370E9D8A4F96} = {A320B730-2B16-3E81-95C4-370E9D8A4F96}
		{D3C72369-0674-396D-B325-E25AB6BBA4F9} = {D3C72369-0674-396D-B325-E25AB6BBA4F9}
		{F083432F-89E3-34AE-9444-F10DE873AF67} = {F083432F-89E3-34AE-9444-F10DE873AF67}
		{BE833533-787C-3B1C-9FD1-5D7C09F9C40A} = {BE833533-787C-3B1C-9FD1-5D7C09F9C40A}
		{D703CBB6-03F9-3190-99C5-005D0E30FE99} = {D703CBB6-03F9-3190-99C5-005D0E30FE99}
		{B4332536-BAC2-32AE-BCA8-5FE4567A6575} = {B4332536-BAC2-32AE-BCA8-5FE4567A6575}
		{71746DC9-2311-32A9-81CF-95C7BAE9F68B} = {71746DC9-2311-32A9-81CF-95C7BAE9F68B}
		{5E21D103-5006-39C9-BA6C-D93EABF73DE0} = {5E21D103-5006-39C9-BA6C-D93EABF73DE0}
		{0BC8DE00-1E0B-3A54-B6A7-C32473FDE5C6} = {0BC8DE00-1E0B-3A54-B6A7-C32473FDE5C6}
=======
Project("{2150E333-8FDC-42A3-9474-1A3956D46DE8}") = "CMakePredefinedTargets", "CMakePredefinedTargets", "{D219DCC8-264E-3E6D-ABFE-C22467665524}"
EndProject
Project("{2150E333-8FDC-42A3-9474-1A3956D46DE8}") = "External", "External", "{86436719-2936-3B45-97E8-CF10417FB877}"
EndProject
Project("{2150E333-8FDC-42A3-9474-1A3956D46DE8}") = "Internal", "Internal", "{2DD64DA5-5E59-3604-9E74-27B1E1B90D65}"
EndProject
Project("{8BC9CEB8-8B4A-11D0-8D11-00A0C91BC942}") = "ALL_BUILD", "ALL_BUILD.vcxproj", "{8754C679-484F-376B-93CC-416E44919947}"
	ProjectSection(ProjectDependencies) = postProject
		{24C4E5D3-C87D-39EC-AA1F-ACA15F65DD99} = {24C4E5D3-C87D-39EC-AA1F-ACA15F65DD99}
		{1FDD4C21-E894-3093-B49D-04866440BBB4} = {1FDD4C21-E894-3093-B49D-04866440BBB4}
		{9E61A2A0-55E6-3678-80C5-89255DC39A02} = {9E61A2A0-55E6-3678-80C5-89255DC39A02}
		{2F1A95C9-0AF2-3AD7-A68B-73DA1F43A6AB} = {2F1A95C9-0AF2-3AD7-A68B-73DA1F43A6AB}
		{BC1176A9-9B7B-3D78-B4A5-847567801098} = {BC1176A9-9B7B-3D78-B4A5-847567801098}
		{02368D71-6568-3529-A9AE-8740FA159894} = {02368D71-6568-3529-A9AE-8740FA159894}
		{2977E1EF-78A4-31BF-A2B6-AC6D4BCA2DE6} = {2977E1EF-78A4-31BF-A2B6-AC6D4BCA2DE6}
		{725374FE-2655-31CC-A935-819774B64BAF} = {725374FE-2655-31CC-A935-819774B64BAF}
		{11BCEDA5-3C05-3F53-9474-E7D2CDFAC331} = {11BCEDA5-3C05-3F53-9474-E7D2CDFAC331}
		{9BF9A72C-DD49-335D-983C-53B455A3B668} = {9BF9A72C-DD49-335D-983C-53B455A3B668}
		{7149EA4C-23CB-3291-BF32-5AA1BE814054} = {7149EA4C-23CB-3291-BF32-5AA1BE814054}
		{B47BBDDA-3F70-30A5-A6A4-49F1B5CC58B9} = {B47BBDDA-3F70-30A5-A6A4-49F1B5CC58B9}
		{F5A77103-8350-35C7-94ED-7F9D280BCFC4} = {F5A77103-8350-35C7-94ED-7F9D280BCFC4}
	EndProjectSection
EndProject
Project("{8BC9CEB8-8B4A-11D0-8D11-00A0C91BC942}") = "ZERO_CHECK", "..\..\..\\ZERO_CHECK.vcxproj", "{24C4E5D3-C87D-39EC-AA1F-ACA15F65DD99}"
	ProjectSection(ProjectDependencies) = postProject
	EndProjectSection
EndProject
Project("{8BC9CEB8-8B4A-11D0-8D11-00A0C91BC942}") = "cocos2d", "cocos2d.vcxproj", "{1FDD4C21-E894-3093-B49D-04866440BBB4}"
	ProjectSection(ProjectDependencies) = postProject
		{24C4E5D3-C87D-39EC-AA1F-ACA15F65DD99} = {24C4E5D3-C87D-39EC-AA1F-ACA15F65DD99}
		{9E61A2A0-55E6-3678-80C5-89255DC39A02} = {9E61A2A0-55E6-3678-80C5-89255DC39A02}
		{2F1A95C9-0AF2-3AD7-A68B-73DA1F43A6AB} = {2F1A95C9-0AF2-3AD7-A68B-73DA1F43A6AB}
		{BC1176A9-9B7B-3D78-B4A5-847567801098} = {BC1176A9-9B7B-3D78-B4A5-847567801098}
		{02368D71-6568-3529-A9AE-8740FA159894} = {02368D71-6568-3529-A9AE-8740FA159894}
		{2977E1EF-78A4-31BF-A2B6-AC6D4BCA2DE6} = {2977E1EF-78A4-31BF-A2B6-AC6D4BCA2DE6}
		{725374FE-2655-31CC-A935-819774B64BAF} = {725374FE-2655-31CC-A935-819774B64BAF}
		{11BCEDA5-3C05-3F53-9474-E7D2CDFAC331} = {11BCEDA5-3C05-3F53-9474-E7D2CDFAC331}
		{9BF9A72C-DD49-335D-983C-53B455A3B668} = {9BF9A72C-DD49-335D-983C-53B455A3B668}
		{7149EA4C-23CB-3291-BF32-5AA1BE814054} = {7149EA4C-23CB-3291-BF32-5AA1BE814054}
		{B47BBDDA-3F70-30A5-A6A4-49F1B5CC58B9} = {B47BBDDA-3F70-30A5-A6A4-49F1B5CC58B9}
		{F5A77103-8350-35C7-94ED-7F9D280BCFC4} = {F5A77103-8350-35C7-94ED-7F9D280BCFC4}
	EndProjectSection
EndProject
Project("{8BC9CEB8-8B4A-11D0-8D11-00A0C91BC942}") = "ext_clipper", "..\..\external\clipper\ext_clipper.vcxproj", "{9E61A2A0-55E6-3678-80C5-89255DC39A02}"
	ProjectSection(ProjectDependencies) = postProject
		{24C4E5D3-C87D-39EC-AA1F-ACA15F65DD99} = {24C4E5D3-C87D-39EC-AA1F-ACA15F65DD99}
	EndProjectSection
EndProject
Project("{8BC9CEB8-8B4A-11D0-8D11-00A0C91BC942}") = "ext_convertUTF", "..\..\external\ConvertUTF\ext_convertUTF.vcxproj", "{2F1A95C9-0AF2-3AD7-A68B-73DA1F43A6AB}"
	ProjectSection(ProjectDependencies) = postProject
		{24C4E5D3-C87D-39EC-AA1F-ACA15F65DD99} = {24C4E5D3-C87D-39EC-AA1F-ACA15F65DD99}
	EndProjectSection
EndProject
Project("{8BC9CEB8-8B4A-11D0-8D11-00A0C91BC942}") = "ext_edtaa3func", "..\..\external\edtaa3func\ext_edtaa3func.vcxproj", "{BC1176A9-9B7B-3D78-B4A5-847567801098}"
	ProjectSection(ProjectDependencies) = postProject
		{24C4E5D3-C87D-39EC-AA1F-ACA15F65DD99} = {24C4E5D3-C87D-39EC-AA1F-ACA15F65DD99}
	EndProjectSection
EndProject
Project("{8BC9CEB8-8B4A-11D0-8D11-00A0C91BC942}") = "ext_md5", "..\..\external\md5\ext_md5.vcxproj", "{02368D71-6568-3529-A9AE-8740FA159894}"
	ProjectSection(ProjectDependencies) = postProject
		{24C4E5D3-C87D-39EC-AA1F-ACA15F65DD99} = {24C4E5D3-C87D-39EC-AA1F-ACA15F65DD99}
	EndProjectSection
EndProject
Project("{8BC9CEB8-8B4A-11D0-8D11-00A0C91BC942}") = "ext_poly2tri", "..\..\external\poly2tri\ext_poly2tri.vcxproj", "{2977E1EF-78A4-31BF-A2B6-AC6D4BCA2DE6}"
	ProjectSection(ProjectDependencies) = postProject
		{24C4E5D3-C87D-39EC-AA1F-ACA15F65DD99} = {24C4E5D3-C87D-39EC-AA1F-ACA15F65DD99}
	EndProjectSection
EndProject
Project("{8BC9CEB8-8B4A-11D0-8D11-00A0C91BC942}") = "ext_recast", "..\..\external\recast\ext_recast.vcxproj", "{725374FE-2655-31CC-A935-819774B64BAF}"
	ProjectSection(ProjectDependencies) = postProject
		{24C4E5D3-C87D-39EC-AA1F-ACA15F65DD99} = {24C4E5D3-C87D-39EC-AA1F-ACA15F65DD99}
	EndProjectSection
EndProject
Project("{8BC9CEB8-8B4A-11D0-8D11-00A0C91BC942}") = "ext_tinyxml2", "..\..\external\tinyxml2\ext_tinyxml2.vcxproj", "{11BCEDA5-3C05-3F53-9474-E7D2CDFAC331}"
	ProjectSection(ProjectDependencies) = postProject
		{24C4E5D3-C87D-39EC-AA1F-ACA15F65DD99} = {24C4E5D3-C87D-39EC-AA1F-ACA15F65DD99}
	EndProjectSection
EndProject
Project("{8BC9CEB8-8B4A-11D0-8D11-00A0C91BC942}") = "ext_unzip", "..\..\external\unzip\ext_unzip.vcxproj", "{9BF9A72C-DD49-335D-983C-53B455A3B668}"
	ProjectSection(ProjectDependencies) = postProject
		{24C4E5D3-C87D-39EC-AA1F-ACA15F65DD99} = {24C4E5D3-C87D-39EC-AA1F-ACA15F65DD99}
	EndProjectSection
EndProject
Project("{8BC9CEB8-8B4A-11D0-8D11-00A0C91BC942}") = "ext_xxhash", "..\..\external\xxhash\ext_xxhash.vcxproj", "{7149EA4C-23CB-3291-BF32-5AA1BE814054}"
	ProjectSection(ProjectDependencies) = postProject
		{24C4E5D3-C87D-39EC-AA1F-ACA15F65DD99} = {24C4E5D3-C87D-39EC-AA1F-ACA15F65DD99}
	EndProjectSection
EndProject
Project("{8BC9CEB8-8B4A-11D0-8D11-00A0C91BC942}") = "ext_xxtea", "..\..\external\xxtea\ext_xxtea.vcxproj", "{B47BBDDA-3F70-30A5-A6A4-49F1B5CC58B9}"
	ProjectSection(ProjectDependencies) = postProject
		{24C4E5D3-C87D-39EC-AA1F-ACA15F65DD99} = {24C4E5D3-C87D-39EC-AA1F-ACA15F65DD99}
	EndProjectSection
EndProject
Project("{8BC9CEB8-8B4A-11D0-8D11-00A0C91BC942}") = "external", "..\..\external\external.vcxproj", "{F5A77103-8350-35C7-94ED-7F9D280BCFC4}"
	ProjectSection(ProjectDependencies) = postProject
		{24C4E5D3-C87D-39EC-AA1F-ACA15F65DD99} = {24C4E5D3-C87D-39EC-AA1F-ACA15F65DD99}
		{9E61A2A0-55E6-3678-80C5-89255DC39A02} = {9E61A2A0-55E6-3678-80C5-89255DC39A02}
		{2F1A95C9-0AF2-3AD7-A68B-73DA1F43A6AB} = {2F1A95C9-0AF2-3AD7-A68B-73DA1F43A6AB}
		{BC1176A9-9B7B-3D78-B4A5-847567801098} = {BC1176A9-9B7B-3D78-B4A5-847567801098}
		{02368D71-6568-3529-A9AE-8740FA159894} = {02368D71-6568-3529-A9AE-8740FA159894}
		{2977E1EF-78A4-31BF-A2B6-AC6D4BCA2DE6} = {2977E1EF-78A4-31BF-A2B6-AC6D4BCA2DE6}
		{725374FE-2655-31CC-A935-819774B64BAF} = {725374FE-2655-31CC-A935-819774B64BAF}
		{11BCEDA5-3C05-3F53-9474-E7D2CDFAC331} = {11BCEDA5-3C05-3F53-9474-E7D2CDFAC331}
		{9BF9A72C-DD49-335D-983C-53B455A3B668} = {9BF9A72C-DD49-335D-983C-53B455A3B668}
		{7149EA4C-23CB-3291-BF32-5AA1BE814054} = {7149EA4C-23CB-3291-BF32-5AA1BE814054}
		{B47BBDDA-3F70-30A5-A6A4-49F1B5CC58B9} = {B47BBDDA-3F70-30A5-A6A4-49F1B5CC58B9}
>>>>>>> d406c1976c4e6efc94836a0d8e612a8d1799a997
	EndProjectSection
EndProject
Global
	GlobalSection(SolutionConfigurationPlatforms) = preSolution
		Debug|Win32 = Debug|Win32
		Release|Win32 = Release|Win32
		MinSizeRel|Win32 = MinSizeRel|Win32
		RelWithDebInfo|Win32 = RelWithDebInfo|Win32
	EndGlobalSection
	GlobalSection(ProjectConfigurationPlatforms) = postSolution
<<<<<<< HEAD
		{12E170D8-3673-32ED-95F5-F4A4A1C212B4}.Debug|Win32.ActiveCfg = Debug|Win32
		{12E170D8-3673-32ED-95F5-F4A4A1C212B4}.Release|Win32.ActiveCfg = Release|Win32
		{12E170D8-3673-32ED-95F5-F4A4A1C212B4}.MinSizeRel|Win32.ActiveCfg = MinSizeRel|Win32
		{12E170D8-3673-32ED-95F5-F4A4A1C212B4}.RelWithDebInfo|Win32.ActiveCfg = RelWithDebInfo|Win32
		{6A2DD814-BF2F-3185-B381-446C730DC5F9}.Debug|Win32.ActiveCfg = Debug|Win32
		{6A2DD814-BF2F-3185-B381-446C730DC5F9}.Debug|Win32.Build.0 = Debug|Win32
		{6A2DD814-BF2F-3185-B381-446C730DC5F9}.Release|Win32.ActiveCfg = Release|Win32
		{6A2DD814-BF2F-3185-B381-446C730DC5F9}.Release|Win32.Build.0 = Release|Win32
		{6A2DD814-BF2F-3185-B381-446C730DC5F9}.MinSizeRel|Win32.ActiveCfg = MinSizeRel|Win32
		{6A2DD814-BF2F-3185-B381-446C730DC5F9}.MinSizeRel|Win32.Build.0 = MinSizeRel|Win32
		{6A2DD814-BF2F-3185-B381-446C730DC5F9}.RelWithDebInfo|Win32.ActiveCfg = RelWithDebInfo|Win32
		{6A2DD814-BF2F-3185-B381-446C730DC5F9}.RelWithDebInfo|Win32.Build.0 = RelWithDebInfo|Win32
		{E849C369-A95F-3AAB-B13B-4520060A0C8F}.Debug|Win32.ActiveCfg = Debug|Win32
		{E849C369-A95F-3AAB-B13B-4520060A0C8F}.Debug|Win32.Build.0 = Debug|Win32
		{E849C369-A95F-3AAB-B13B-4520060A0C8F}.Release|Win32.ActiveCfg = Release|Win32
		{E849C369-A95F-3AAB-B13B-4520060A0C8F}.Release|Win32.Build.0 = Release|Win32
		{E849C369-A95F-3AAB-B13B-4520060A0C8F}.MinSizeRel|Win32.ActiveCfg = MinSizeRel|Win32
		{E849C369-A95F-3AAB-B13B-4520060A0C8F}.MinSizeRel|Win32.Build.0 = MinSizeRel|Win32
		{E849C369-A95F-3AAB-B13B-4520060A0C8F}.RelWithDebInfo|Win32.ActiveCfg = RelWithDebInfo|Win32
		{E849C369-A95F-3AAB-B13B-4520060A0C8F}.RelWithDebInfo|Win32.Build.0 = RelWithDebInfo|Win32
		{7FEA2E79-D9C0-35DC-AD16-BF99D0D5C298}.Debug|Win32.ActiveCfg = Debug|Win32
		{7FEA2E79-D9C0-35DC-AD16-BF99D0D5C298}.Debug|Win32.Build.0 = Debug|Win32
		{7FEA2E79-D9C0-35DC-AD16-BF99D0D5C298}.Release|Win32.ActiveCfg = Release|Win32
		{7FEA2E79-D9C0-35DC-AD16-BF99D0D5C298}.Release|Win32.Build.0 = Release|Win32
		{7FEA2E79-D9C0-35DC-AD16-BF99D0D5C298}.MinSizeRel|Win32.ActiveCfg = MinSizeRel|Win32
		{7FEA2E79-D9C0-35DC-AD16-BF99D0D5C298}.MinSizeRel|Win32.Build.0 = MinSizeRel|Win32
		{7FEA2E79-D9C0-35DC-AD16-BF99D0D5C298}.RelWithDebInfo|Win32.ActiveCfg = RelWithDebInfo|Win32
		{7FEA2E79-D9C0-35DC-AD16-BF99D0D5C298}.RelWithDebInfo|Win32.Build.0 = RelWithDebInfo|Win32
		{A320B730-2B16-3E81-95C4-370E9D8A4F96}.Debug|Win32.ActiveCfg = Debug|Win32
		{A320B730-2B16-3E81-95C4-370E9D8A4F96}.Debug|Win32.Build.0 = Debug|Win32
		{A320B730-2B16-3E81-95C4-370E9D8A4F96}.Release|Win32.ActiveCfg = Release|Win32
		{A320B730-2B16-3E81-95C4-370E9D8A4F96}.Release|Win32.Build.0 = Release|Win32
		{A320B730-2B16-3E81-95C4-370E9D8A4F96}.MinSizeRel|Win32.ActiveCfg = MinSizeRel|Win32
		{A320B730-2B16-3E81-95C4-370E9D8A4F96}.MinSizeRel|Win32.Build.0 = MinSizeRel|Win32
		{A320B730-2B16-3E81-95C4-370E9D8A4F96}.RelWithDebInfo|Win32.ActiveCfg = RelWithDebInfo|Win32
		{A320B730-2B16-3E81-95C4-370E9D8A4F96}.RelWithDebInfo|Win32.Build.0 = RelWithDebInfo|Win32
		{D3C72369-0674-396D-B325-E25AB6BBA4F9}.Debug|Win32.ActiveCfg = Debug|Win32
		{D3C72369-0674-396D-B325-E25AB6BBA4F9}.Debug|Win32.Build.0 = Debug|Win32
		{D3C72369-0674-396D-B325-E25AB6BBA4F9}.Release|Win32.ActiveCfg = Release|Win32
		{D3C72369-0674-396D-B325-E25AB6BBA4F9}.Release|Win32.Build.0 = Release|Win32
		{D3C72369-0674-396D-B325-E25AB6BBA4F9}.MinSizeRel|Win32.ActiveCfg = MinSizeRel|Win32
		{D3C72369-0674-396D-B325-E25AB6BBA4F9}.MinSizeRel|Win32.Build.0 = MinSizeRel|Win32
		{D3C72369-0674-396D-B325-E25AB6BBA4F9}.RelWithDebInfo|Win32.ActiveCfg = RelWithDebInfo|Win32
		{D3C72369-0674-396D-B325-E25AB6BBA4F9}.RelWithDebInfo|Win32.Build.0 = RelWithDebInfo|Win32
		{F083432F-89E3-34AE-9444-F10DE873AF67}.Debug|Win32.ActiveCfg = Debug|Win32
		{F083432F-89E3-34AE-9444-F10DE873AF67}.Debug|Win32.Build.0 = Debug|Win32
		{F083432F-89E3-34AE-9444-F10DE873AF67}.Release|Win32.ActiveCfg = Release|Win32
		{F083432F-89E3-34AE-9444-F10DE873AF67}.Release|Win32.Build.0 = Release|Win32
		{F083432F-89E3-34AE-9444-F10DE873AF67}.MinSizeRel|Win32.ActiveCfg = MinSizeRel|Win32
		{F083432F-89E3-34AE-9444-F10DE873AF67}.MinSizeRel|Win32.Build.0 = MinSizeRel|Win32
		{F083432F-89E3-34AE-9444-F10DE873AF67}.RelWithDebInfo|Win32.ActiveCfg = RelWithDebInfo|Win32
		{F083432F-89E3-34AE-9444-F10DE873AF67}.RelWithDebInfo|Win32.Build.0 = RelWithDebInfo|Win32
		{BE833533-787C-3B1C-9FD1-5D7C09F9C40A}.Debug|Win32.ActiveCfg = Debug|Win32
		{BE833533-787C-3B1C-9FD1-5D7C09F9C40A}.Debug|Win32.Build.0 = Debug|Win32
		{BE833533-787C-3B1C-9FD1-5D7C09F9C40A}.Release|Win32.ActiveCfg = Release|Win32
		{BE833533-787C-3B1C-9FD1-5D7C09F9C40A}.Release|Win32.Build.0 = Release|Win32
		{BE833533-787C-3B1C-9FD1-5D7C09F9C40A}.MinSizeRel|Win32.ActiveCfg = MinSizeRel|Win32
		{BE833533-787C-3B1C-9FD1-5D7C09F9C40A}.MinSizeRel|Win32.Build.0 = MinSizeRel|Win32
		{BE833533-787C-3B1C-9FD1-5D7C09F9C40A}.RelWithDebInfo|Win32.ActiveCfg = RelWithDebInfo|Win32
		{BE833533-787C-3B1C-9FD1-5D7C09F9C40A}.RelWithDebInfo|Win32.Build.0 = RelWithDebInfo|Win32
		{D703CBB6-03F9-3190-99C5-005D0E30FE99}.Debug|Win32.ActiveCfg = Debug|Win32
		{D703CBB6-03F9-3190-99C5-005D0E30FE99}.Debug|Win32.Build.0 = Debug|Win32
		{D703CBB6-03F9-3190-99C5-005D0E30FE99}.Release|Win32.ActiveCfg = Release|Win32
		{D703CBB6-03F9-3190-99C5-005D0E30FE99}.Release|Win32.Build.0 = Release|Win32
		{D703CBB6-03F9-3190-99C5-005D0E30FE99}.MinSizeRel|Win32.ActiveCfg = MinSizeRel|Win32
		{D703CBB6-03F9-3190-99C5-005D0E30FE99}.MinSizeRel|Win32.Build.0 = MinSizeRel|Win32
		{D703CBB6-03F9-3190-99C5-005D0E30FE99}.RelWithDebInfo|Win32.ActiveCfg = RelWithDebInfo|Win32
		{D703CBB6-03F9-3190-99C5-005D0E30FE99}.RelWithDebInfo|Win32.Build.0 = RelWithDebInfo|Win32
		{B4332536-BAC2-32AE-BCA8-5FE4567A6575}.Debug|Win32.ActiveCfg = Debug|Win32
		{B4332536-BAC2-32AE-BCA8-5FE4567A6575}.Debug|Win32.Build.0 = Debug|Win32
		{B4332536-BAC2-32AE-BCA8-5FE4567A6575}.Release|Win32.ActiveCfg = Release|Win32
		{B4332536-BAC2-32AE-BCA8-5FE4567A6575}.Release|Win32.Build.0 = Release|Win32
		{B4332536-BAC2-32AE-BCA8-5FE4567A6575}.MinSizeRel|Win32.ActiveCfg = MinSizeRel|Win32
		{B4332536-BAC2-32AE-BCA8-5FE4567A6575}.MinSizeRel|Win32.Build.0 = MinSizeRel|Win32
		{B4332536-BAC2-32AE-BCA8-5FE4567A6575}.RelWithDebInfo|Win32.ActiveCfg = RelWithDebInfo|Win32
		{B4332536-BAC2-32AE-BCA8-5FE4567A6575}.RelWithDebInfo|Win32.Build.0 = RelWithDebInfo|Win32
		{71746DC9-2311-32A9-81CF-95C7BAE9F68B}.Debug|Win32.ActiveCfg = Debug|Win32
		{71746DC9-2311-32A9-81CF-95C7BAE9F68B}.Debug|Win32.Build.0 = Debug|Win32
		{71746DC9-2311-32A9-81CF-95C7BAE9F68B}.Release|Win32.ActiveCfg = Release|Win32
		{71746DC9-2311-32A9-81CF-95C7BAE9F68B}.Release|Win32.Build.0 = Release|Win32
		{71746DC9-2311-32A9-81CF-95C7BAE9F68B}.MinSizeRel|Win32.ActiveCfg = MinSizeRel|Win32
		{71746DC9-2311-32A9-81CF-95C7BAE9F68B}.MinSizeRel|Win32.Build.0 = MinSizeRel|Win32
		{71746DC9-2311-32A9-81CF-95C7BAE9F68B}.RelWithDebInfo|Win32.ActiveCfg = RelWithDebInfo|Win32
		{71746DC9-2311-32A9-81CF-95C7BAE9F68B}.RelWithDebInfo|Win32.Build.0 = RelWithDebInfo|Win32
		{5E21D103-5006-39C9-BA6C-D93EABF73DE0}.Debug|Win32.ActiveCfg = Debug|Win32
		{5E21D103-5006-39C9-BA6C-D93EABF73DE0}.Debug|Win32.Build.0 = Debug|Win32
		{5E21D103-5006-39C9-BA6C-D93EABF73DE0}.Release|Win32.ActiveCfg = Release|Win32
		{5E21D103-5006-39C9-BA6C-D93EABF73DE0}.Release|Win32.Build.0 = Release|Win32
		{5E21D103-5006-39C9-BA6C-D93EABF73DE0}.MinSizeRel|Win32.ActiveCfg = MinSizeRel|Win32
		{5E21D103-5006-39C9-BA6C-D93EABF73DE0}.MinSizeRel|Win32.Build.0 = MinSizeRel|Win32
		{5E21D103-5006-39C9-BA6C-D93EABF73DE0}.RelWithDebInfo|Win32.ActiveCfg = RelWithDebInfo|Win32
		{5E21D103-5006-39C9-BA6C-D93EABF73DE0}.RelWithDebInfo|Win32.Build.0 = RelWithDebInfo|Win32
		{0BC8DE00-1E0B-3A54-B6A7-C32473FDE5C6}.Debug|Win32.ActiveCfg = Debug|Win32
		{0BC8DE00-1E0B-3A54-B6A7-C32473FDE5C6}.Debug|Win32.Build.0 = Debug|Win32
		{0BC8DE00-1E0B-3A54-B6A7-C32473FDE5C6}.Release|Win32.ActiveCfg = Release|Win32
		{0BC8DE00-1E0B-3A54-B6A7-C32473FDE5C6}.Release|Win32.Build.0 = Release|Win32
		{0BC8DE00-1E0B-3A54-B6A7-C32473FDE5C6}.MinSizeRel|Win32.ActiveCfg = MinSizeRel|Win32
		{0BC8DE00-1E0B-3A54-B6A7-C32473FDE5C6}.MinSizeRel|Win32.Build.0 = MinSizeRel|Win32
		{0BC8DE00-1E0B-3A54-B6A7-C32473FDE5C6}.RelWithDebInfo|Win32.ActiveCfg = RelWithDebInfo|Win32
		{0BC8DE00-1E0B-3A54-B6A7-C32473FDE5C6}.RelWithDebInfo|Win32.Build.0 = RelWithDebInfo|Win32
		{2B8C6E71-BB71-35D2-A948-C98B5A26ADCE}.Debug|Win32.ActiveCfg = Debug|Win32
		{2B8C6E71-BB71-35D2-A948-C98B5A26ADCE}.Debug|Win32.Build.0 = Debug|Win32
		{2B8C6E71-BB71-35D2-A948-C98B5A26ADCE}.Release|Win32.ActiveCfg = Release|Win32
		{2B8C6E71-BB71-35D2-A948-C98B5A26ADCE}.Release|Win32.Build.0 = Release|Win32
		{2B8C6E71-BB71-35D2-A948-C98B5A26ADCE}.MinSizeRel|Win32.ActiveCfg = MinSizeRel|Win32
		{2B8C6E71-BB71-35D2-A948-C98B5A26ADCE}.MinSizeRel|Win32.Build.0 = MinSizeRel|Win32
		{2B8C6E71-BB71-35D2-A948-C98B5A26ADCE}.RelWithDebInfo|Win32.ActiveCfg = RelWithDebInfo|Win32
		{2B8C6E71-BB71-35D2-A948-C98B5A26ADCE}.RelWithDebInfo|Win32.Build.0 = RelWithDebInfo|Win32
	EndGlobalSection
	GlobalSection(NestedProjects) = preSolution
		{12E170D8-3673-32ED-95F5-F4A4A1C212B4} = {BD208E9A-6B1B-364C-B997-ED94C3201F58}
		{6A2DD814-BF2F-3185-B381-446C730DC5F9} = {BD208E9A-6B1B-364C-B997-ED94C3201F58}
		{7FEA2E79-D9C0-35DC-AD16-BF99D0D5C298} = {D3C9A11F-DD6C-30AC-8E35-0A5836343337}
		{A320B730-2B16-3E81-95C4-370E9D8A4F96} = {D3C9A11F-DD6C-30AC-8E35-0A5836343337}
		{D3C72369-0674-396D-B325-E25AB6BBA4F9} = {D3C9A11F-DD6C-30AC-8E35-0A5836343337}
		{F083432F-89E3-34AE-9444-F10DE873AF67} = {D3C9A11F-DD6C-30AC-8E35-0A5836343337}
		{BE833533-787C-3B1C-9FD1-5D7C09F9C40A} = {D3C9A11F-DD6C-30AC-8E35-0A5836343337}
		{D703CBB6-03F9-3190-99C5-005D0E30FE99} = {D3C9A11F-DD6C-30AC-8E35-0A5836343337}
		{B4332536-BAC2-32AE-BCA8-5FE4567A6575} = {D3C9A11F-DD6C-30AC-8E35-0A5836343337}
		{71746DC9-2311-32A9-81CF-95C7BAE9F68B} = {D3C9A11F-DD6C-30AC-8E35-0A5836343337}
		{5E21D103-5006-39C9-BA6C-D93EABF73DE0} = {D3C9A11F-DD6C-30AC-8E35-0A5836343337}
		{0BC8DE00-1E0B-3A54-B6A7-C32473FDE5C6} = {D3C9A11F-DD6C-30AC-8E35-0A5836343337}
		{2B8C6E71-BB71-35D2-A948-C98B5A26ADCE} = {D3C9A11F-DD6C-30AC-8E35-0A5836343337}
		{E849C369-A95F-3AAB-B13B-4520060A0C8F} = {A01ECC86-0EE6-30F3-90E0-C6F20B885DD1}
	EndGlobalSection
	GlobalSection(ExtensibilityGlobals) = postSolution
		SolutionGuid = {45EAE222-A73A-34F5-AFC3-B48C7D00E832}
=======
		{8754C679-484F-376B-93CC-416E44919947}.Debug|Win32.ActiveCfg = Debug|Win32
		{8754C679-484F-376B-93CC-416E44919947}.Release|Win32.ActiveCfg = Release|Win32
		{8754C679-484F-376B-93CC-416E44919947}.MinSizeRel|Win32.ActiveCfg = MinSizeRel|Win32
		{8754C679-484F-376B-93CC-416E44919947}.RelWithDebInfo|Win32.ActiveCfg = RelWithDebInfo|Win32
		{24C4E5D3-C87D-39EC-AA1F-ACA15F65DD99}.Debug|Win32.ActiveCfg = Debug|Win32
		{24C4E5D3-C87D-39EC-AA1F-ACA15F65DD99}.Debug|Win32.Build.0 = Debug|Win32
		{24C4E5D3-C87D-39EC-AA1F-ACA15F65DD99}.Release|Win32.ActiveCfg = Release|Win32
		{24C4E5D3-C87D-39EC-AA1F-ACA15F65DD99}.Release|Win32.Build.0 = Release|Win32
		{24C4E5D3-C87D-39EC-AA1F-ACA15F65DD99}.MinSizeRel|Win32.ActiveCfg = MinSizeRel|Win32
		{24C4E5D3-C87D-39EC-AA1F-ACA15F65DD99}.MinSizeRel|Win32.Build.0 = MinSizeRel|Win32
		{24C4E5D3-C87D-39EC-AA1F-ACA15F65DD99}.RelWithDebInfo|Win32.ActiveCfg = RelWithDebInfo|Win32
		{24C4E5D3-C87D-39EC-AA1F-ACA15F65DD99}.RelWithDebInfo|Win32.Build.0 = RelWithDebInfo|Win32
		{1FDD4C21-E894-3093-B49D-04866440BBB4}.Debug|Win32.ActiveCfg = Debug|Win32
		{1FDD4C21-E894-3093-B49D-04866440BBB4}.Debug|Win32.Build.0 = Debug|Win32
		{1FDD4C21-E894-3093-B49D-04866440BBB4}.Release|Win32.ActiveCfg = Release|Win32
		{1FDD4C21-E894-3093-B49D-04866440BBB4}.Release|Win32.Build.0 = Release|Win32
		{1FDD4C21-E894-3093-B49D-04866440BBB4}.MinSizeRel|Win32.ActiveCfg = MinSizeRel|Win32
		{1FDD4C21-E894-3093-B49D-04866440BBB4}.MinSizeRel|Win32.Build.0 = MinSizeRel|Win32
		{1FDD4C21-E894-3093-B49D-04866440BBB4}.RelWithDebInfo|Win32.ActiveCfg = RelWithDebInfo|Win32
		{1FDD4C21-E894-3093-B49D-04866440BBB4}.RelWithDebInfo|Win32.Build.0 = RelWithDebInfo|Win32
		{9E61A2A0-55E6-3678-80C5-89255DC39A02}.Debug|Win32.ActiveCfg = Debug|Win32
		{9E61A2A0-55E6-3678-80C5-89255DC39A02}.Debug|Win32.Build.0 = Debug|Win32
		{9E61A2A0-55E6-3678-80C5-89255DC39A02}.Release|Win32.ActiveCfg = Release|Win32
		{9E61A2A0-55E6-3678-80C5-89255DC39A02}.Release|Win32.Build.0 = Release|Win32
		{9E61A2A0-55E6-3678-80C5-89255DC39A02}.MinSizeRel|Win32.ActiveCfg = MinSizeRel|Win32
		{9E61A2A0-55E6-3678-80C5-89255DC39A02}.MinSizeRel|Win32.Build.0 = MinSizeRel|Win32
		{9E61A2A0-55E6-3678-80C5-89255DC39A02}.RelWithDebInfo|Win32.ActiveCfg = RelWithDebInfo|Win32
		{9E61A2A0-55E6-3678-80C5-89255DC39A02}.RelWithDebInfo|Win32.Build.0 = RelWithDebInfo|Win32
		{2F1A95C9-0AF2-3AD7-A68B-73DA1F43A6AB}.Debug|Win32.ActiveCfg = Debug|Win32
		{2F1A95C9-0AF2-3AD7-A68B-73DA1F43A6AB}.Debug|Win32.Build.0 = Debug|Win32
		{2F1A95C9-0AF2-3AD7-A68B-73DA1F43A6AB}.Release|Win32.ActiveCfg = Release|Win32
		{2F1A95C9-0AF2-3AD7-A68B-73DA1F43A6AB}.Release|Win32.Build.0 = Release|Win32
		{2F1A95C9-0AF2-3AD7-A68B-73DA1F43A6AB}.MinSizeRel|Win32.ActiveCfg = MinSizeRel|Win32
		{2F1A95C9-0AF2-3AD7-A68B-73DA1F43A6AB}.MinSizeRel|Win32.Build.0 = MinSizeRel|Win32
		{2F1A95C9-0AF2-3AD7-A68B-73DA1F43A6AB}.RelWithDebInfo|Win32.ActiveCfg = RelWithDebInfo|Win32
		{2F1A95C9-0AF2-3AD7-A68B-73DA1F43A6AB}.RelWithDebInfo|Win32.Build.0 = RelWithDebInfo|Win32
		{BC1176A9-9B7B-3D78-B4A5-847567801098}.Debug|Win32.ActiveCfg = Debug|Win32
		{BC1176A9-9B7B-3D78-B4A5-847567801098}.Debug|Win32.Build.0 = Debug|Win32
		{BC1176A9-9B7B-3D78-B4A5-847567801098}.Release|Win32.ActiveCfg = Release|Win32
		{BC1176A9-9B7B-3D78-B4A5-847567801098}.Release|Win32.Build.0 = Release|Win32
		{BC1176A9-9B7B-3D78-B4A5-847567801098}.MinSizeRel|Win32.ActiveCfg = MinSizeRel|Win32
		{BC1176A9-9B7B-3D78-B4A5-847567801098}.MinSizeRel|Win32.Build.0 = MinSizeRel|Win32
		{BC1176A9-9B7B-3D78-B4A5-847567801098}.RelWithDebInfo|Win32.ActiveCfg = RelWithDebInfo|Win32
		{BC1176A9-9B7B-3D78-B4A5-847567801098}.RelWithDebInfo|Win32.Build.0 = RelWithDebInfo|Win32
		{02368D71-6568-3529-A9AE-8740FA159894}.Debug|Win32.ActiveCfg = Debug|Win32
		{02368D71-6568-3529-A9AE-8740FA159894}.Debug|Win32.Build.0 = Debug|Win32
		{02368D71-6568-3529-A9AE-8740FA159894}.Release|Win32.ActiveCfg = Release|Win32
		{02368D71-6568-3529-A9AE-8740FA159894}.Release|Win32.Build.0 = Release|Win32
		{02368D71-6568-3529-A9AE-8740FA159894}.MinSizeRel|Win32.ActiveCfg = MinSizeRel|Win32
		{02368D71-6568-3529-A9AE-8740FA159894}.MinSizeRel|Win32.Build.0 = MinSizeRel|Win32
		{02368D71-6568-3529-A9AE-8740FA159894}.RelWithDebInfo|Win32.ActiveCfg = RelWithDebInfo|Win32
		{02368D71-6568-3529-A9AE-8740FA159894}.RelWithDebInfo|Win32.Build.0 = RelWithDebInfo|Win32
		{2977E1EF-78A4-31BF-A2B6-AC6D4BCA2DE6}.Debug|Win32.ActiveCfg = Debug|Win32
		{2977E1EF-78A4-31BF-A2B6-AC6D4BCA2DE6}.Debug|Win32.Build.0 = Debug|Win32
		{2977E1EF-78A4-31BF-A2B6-AC6D4BCA2DE6}.Release|Win32.ActiveCfg = Release|Win32
		{2977E1EF-78A4-31BF-A2B6-AC6D4BCA2DE6}.Release|Win32.Build.0 = Release|Win32
		{2977E1EF-78A4-31BF-A2B6-AC6D4BCA2DE6}.MinSizeRel|Win32.ActiveCfg = MinSizeRel|Win32
		{2977E1EF-78A4-31BF-A2B6-AC6D4BCA2DE6}.MinSizeRel|Win32.Build.0 = MinSizeRel|Win32
		{2977E1EF-78A4-31BF-A2B6-AC6D4BCA2DE6}.RelWithDebInfo|Win32.ActiveCfg = RelWithDebInfo|Win32
		{2977E1EF-78A4-31BF-A2B6-AC6D4BCA2DE6}.RelWithDebInfo|Win32.Build.0 = RelWithDebInfo|Win32
		{725374FE-2655-31CC-A935-819774B64BAF}.Debug|Win32.ActiveCfg = Debug|Win32
		{725374FE-2655-31CC-A935-819774B64BAF}.Debug|Win32.Build.0 = Debug|Win32
		{725374FE-2655-31CC-A935-819774B64BAF}.Release|Win32.ActiveCfg = Release|Win32
		{725374FE-2655-31CC-A935-819774B64BAF}.Release|Win32.Build.0 = Release|Win32
		{725374FE-2655-31CC-A935-819774B64BAF}.MinSizeRel|Win32.ActiveCfg = MinSizeRel|Win32
		{725374FE-2655-31CC-A935-819774B64BAF}.MinSizeRel|Win32.Build.0 = MinSizeRel|Win32
		{725374FE-2655-31CC-A935-819774B64BAF}.RelWithDebInfo|Win32.ActiveCfg = RelWithDebInfo|Win32
		{725374FE-2655-31CC-A935-819774B64BAF}.RelWithDebInfo|Win32.Build.0 = RelWithDebInfo|Win32
		{11BCEDA5-3C05-3F53-9474-E7D2CDFAC331}.Debug|Win32.ActiveCfg = Debug|Win32
		{11BCEDA5-3C05-3F53-9474-E7D2CDFAC331}.Debug|Win32.Build.0 = Debug|Win32
		{11BCEDA5-3C05-3F53-9474-E7D2CDFAC331}.Release|Win32.ActiveCfg = Release|Win32
		{11BCEDA5-3C05-3F53-9474-E7D2CDFAC331}.Release|Win32.Build.0 = Release|Win32
		{11BCEDA5-3C05-3F53-9474-E7D2CDFAC331}.MinSizeRel|Win32.ActiveCfg = MinSizeRel|Win32
		{11BCEDA5-3C05-3F53-9474-E7D2CDFAC331}.MinSizeRel|Win32.Build.0 = MinSizeRel|Win32
		{11BCEDA5-3C05-3F53-9474-E7D2CDFAC331}.RelWithDebInfo|Win32.ActiveCfg = RelWithDebInfo|Win32
		{11BCEDA5-3C05-3F53-9474-E7D2CDFAC331}.RelWithDebInfo|Win32.Build.0 = RelWithDebInfo|Win32
		{9BF9A72C-DD49-335D-983C-53B455A3B668}.Debug|Win32.ActiveCfg = Debug|Win32
		{9BF9A72C-DD49-335D-983C-53B455A3B668}.Debug|Win32.Build.0 = Debug|Win32
		{9BF9A72C-DD49-335D-983C-53B455A3B668}.Release|Win32.ActiveCfg = Release|Win32
		{9BF9A72C-DD49-335D-983C-53B455A3B668}.Release|Win32.Build.0 = Release|Win32
		{9BF9A72C-DD49-335D-983C-53B455A3B668}.MinSizeRel|Win32.ActiveCfg = MinSizeRel|Win32
		{9BF9A72C-DD49-335D-983C-53B455A3B668}.MinSizeRel|Win32.Build.0 = MinSizeRel|Win32
		{9BF9A72C-DD49-335D-983C-53B455A3B668}.RelWithDebInfo|Win32.ActiveCfg = RelWithDebInfo|Win32
		{9BF9A72C-DD49-335D-983C-53B455A3B668}.RelWithDebInfo|Win32.Build.0 = RelWithDebInfo|Win32
		{7149EA4C-23CB-3291-BF32-5AA1BE814054}.Debug|Win32.ActiveCfg = Debug|Win32
		{7149EA4C-23CB-3291-BF32-5AA1BE814054}.Debug|Win32.Build.0 = Debug|Win32
		{7149EA4C-23CB-3291-BF32-5AA1BE814054}.Release|Win32.ActiveCfg = Release|Win32
		{7149EA4C-23CB-3291-BF32-5AA1BE814054}.Release|Win32.Build.0 = Release|Win32
		{7149EA4C-23CB-3291-BF32-5AA1BE814054}.MinSizeRel|Win32.ActiveCfg = MinSizeRel|Win32
		{7149EA4C-23CB-3291-BF32-5AA1BE814054}.MinSizeRel|Win32.Build.0 = MinSizeRel|Win32
		{7149EA4C-23CB-3291-BF32-5AA1BE814054}.RelWithDebInfo|Win32.ActiveCfg = RelWithDebInfo|Win32
		{7149EA4C-23CB-3291-BF32-5AA1BE814054}.RelWithDebInfo|Win32.Build.0 = RelWithDebInfo|Win32
		{B47BBDDA-3F70-30A5-A6A4-49F1B5CC58B9}.Debug|Win32.ActiveCfg = Debug|Win32
		{B47BBDDA-3F70-30A5-A6A4-49F1B5CC58B9}.Debug|Win32.Build.0 = Debug|Win32
		{B47BBDDA-3F70-30A5-A6A4-49F1B5CC58B9}.Release|Win32.ActiveCfg = Release|Win32
		{B47BBDDA-3F70-30A5-A6A4-49F1B5CC58B9}.Release|Win32.Build.0 = Release|Win32
		{B47BBDDA-3F70-30A5-A6A4-49F1B5CC58B9}.MinSizeRel|Win32.ActiveCfg = MinSizeRel|Win32
		{B47BBDDA-3F70-30A5-A6A4-49F1B5CC58B9}.MinSizeRel|Win32.Build.0 = MinSizeRel|Win32
		{B47BBDDA-3F70-30A5-A6A4-49F1B5CC58B9}.RelWithDebInfo|Win32.ActiveCfg = RelWithDebInfo|Win32
		{B47BBDDA-3F70-30A5-A6A4-49F1B5CC58B9}.RelWithDebInfo|Win32.Build.0 = RelWithDebInfo|Win32
		{F5A77103-8350-35C7-94ED-7F9D280BCFC4}.Debug|Win32.ActiveCfg = Debug|Win32
		{F5A77103-8350-35C7-94ED-7F9D280BCFC4}.Debug|Win32.Build.0 = Debug|Win32
		{F5A77103-8350-35C7-94ED-7F9D280BCFC4}.Release|Win32.ActiveCfg = Release|Win32
		{F5A77103-8350-35C7-94ED-7F9D280BCFC4}.Release|Win32.Build.0 = Release|Win32
		{F5A77103-8350-35C7-94ED-7F9D280BCFC4}.MinSizeRel|Win32.ActiveCfg = MinSizeRel|Win32
		{F5A77103-8350-35C7-94ED-7F9D280BCFC4}.MinSizeRel|Win32.Build.0 = MinSizeRel|Win32
		{F5A77103-8350-35C7-94ED-7F9D280BCFC4}.RelWithDebInfo|Win32.ActiveCfg = RelWithDebInfo|Win32
		{F5A77103-8350-35C7-94ED-7F9D280BCFC4}.RelWithDebInfo|Win32.Build.0 = RelWithDebInfo|Win32
	EndGlobalSection
	GlobalSection(NestedProjects) = preSolution
		{8754C679-484F-376B-93CC-416E44919947} = {D219DCC8-264E-3E6D-ABFE-C22467665524}
		{24C4E5D3-C87D-39EC-AA1F-ACA15F65DD99} = {D219DCC8-264E-3E6D-ABFE-C22467665524}
		{9E61A2A0-55E6-3678-80C5-89255DC39A02} = {86436719-2936-3B45-97E8-CF10417FB877}
		{2F1A95C9-0AF2-3AD7-A68B-73DA1F43A6AB} = {86436719-2936-3B45-97E8-CF10417FB877}
		{BC1176A9-9B7B-3D78-B4A5-847567801098} = {86436719-2936-3B45-97E8-CF10417FB877}
		{02368D71-6568-3529-A9AE-8740FA159894} = {86436719-2936-3B45-97E8-CF10417FB877}
		{2977E1EF-78A4-31BF-A2B6-AC6D4BCA2DE6} = {86436719-2936-3B45-97E8-CF10417FB877}
		{725374FE-2655-31CC-A935-819774B64BAF} = {86436719-2936-3B45-97E8-CF10417FB877}
		{11BCEDA5-3C05-3F53-9474-E7D2CDFAC331} = {86436719-2936-3B45-97E8-CF10417FB877}
		{9BF9A72C-DD49-335D-983C-53B455A3B668} = {86436719-2936-3B45-97E8-CF10417FB877}
		{7149EA4C-23CB-3291-BF32-5AA1BE814054} = {86436719-2936-3B45-97E8-CF10417FB877}
		{B47BBDDA-3F70-30A5-A6A4-49F1B5CC58B9} = {86436719-2936-3B45-97E8-CF10417FB877}
		{F5A77103-8350-35C7-94ED-7F9D280BCFC4} = {86436719-2936-3B45-97E8-CF10417FB877}
		{1FDD4C21-E894-3093-B49D-04866440BBB4} = {2DD64DA5-5E59-3604-9E74-27B1E1B90D65}
	EndGlobalSection
	GlobalSection(ExtensibilityGlobals) = postSolution
		SolutionGuid = {9FE8FDE5-D508-30AF-A58E-5CA661B88AA6}
>>>>>>> d406c1976c4e6efc94836a0d8e612a8d1799a997
	EndGlobalSection
	GlobalSection(ExtensibilityAddIns) = postSolution
	EndGlobalSection
EndGlobal
